{
  "nodes": {
    "cargo-chef": {
      "flake": false,
      "locked": {
        "lastModified": 1672901199,
        "narHash": "sha256-MHTuR4aQ1rQaBKx1vWDy2wbvcT0ZAzpkVB2zylSC+k0=",
        "owner": "LukeMathWalker",
        "repo": "cargo-chef",
        "rev": "5c9f11578a2e0783cce27666737d50f84510b8b5",
        "type": "github"
      },
      "original": {
        "owner": "LukeMathWalker",
        "ref": "main",
        "repo": "cargo-chef",
        "type": "github"
      }
    },
    "cargo-rdme": {
      "flake": false,
      "locked": {
        "lastModified": 1675118998,
        "narHash": "sha256-lrYWqu3h88fr8gG3Yo5GbFGYaq5/1Os7UtM+Af0Bg4k=",
        "owner": "orium",
        "repo": "cargo-rdme",
        "rev": "f9dbb6bccc078f4869f45ae270a2890ac9a75877",
        "type": "github"
      },
      "original": {
        "owner": "orium",
        "ref": "v1.1.0",
        "repo": "cargo-rdme",
        "type": "github"
      }
    },
    "crane": {
      "inputs": {
        "flake-compat": "flake-compat",
        "flake-utils": "flake-utils",
        "nixpkgs": [
          "nixpkgs"
        ],
        "rust-overlay": "rust-overlay"
      },
      "locked": {
        "lastModified": 1675475924,
        "narHash": "sha256-KWdfV9a6+zG6Ij/7PZYLnomjBZZUu8gdRy+hfjGrrJQ=",
        "owner": "ipetkov",
        "repo": "crane",
        "rev": "1bde9c762ebf26de9f8ecf502357c92105bc4577",
        "type": "github"
      },
      "original": {
        "owner": "ipetkov",
        "repo": "crane",
        "type": "github"
      }
    },
    "crate2nix": {
      "flake": false,
      "locked": {
        "lastModified": 1675642992,
        "narHash": "sha256-uDBDZuiq7qyg82Udp82/r4zg5HKfIzBQqgl2U9THiQM=",
        "owner": "kolloch",
        "repo": "crate2nix",
        "rev": "45fc83132c8c91c77a1cd61fe0c945411d1edba8",
        "type": "github"
      },
      "original": {
        "owner": "kolloch",
        "repo": "crate2nix",
        "type": "github"
      }
    },
    "flake-compat": {
      "flake": false,
      "locked": {
        "lastModified": 1673956053,
        "narHash": "sha256-4gtG9iQuiKITOjNQQeQIpoIB6b16fm+504Ch3sNKLd8=",
        "owner": "edolstra",
        "repo": "flake-compat",
        "rev": "35bb57c0c8d8b62bbfd284272c928ceb64ddbde9",
        "type": "github"
      },
      "original": {
        "owner": "edolstra",
        "repo": "flake-compat",
        "type": "github"
      }
    },
    "flake-compat_2": {
      "flake": false,
      "locked": {
        "lastModified": 1673956053,
        "narHash": "sha256-4gtG9iQuiKITOjNQQeQIpoIB6b16fm+504Ch3sNKLd8=",
        "owner": "edolstra",
        "repo": "flake-compat",
        "rev": "35bb57c0c8d8b62bbfd284272c928ceb64ddbde9",
        "type": "github"
      },
      "original": {
        "owner": "edolstra",
        "repo": "flake-compat",
        "type": "github"
      }
    },
    "flake-parts": {
      "inputs": {
        "nixpkgs-lib": "nixpkgs-lib"
      },
      "locked": {
        "lastModified": 1675295133,
        "narHash": "sha256-dU8fuLL98WFXG0VnRgM00bqKX6CEPBLybhiIDIgO45o=",
        "owner": "hercules-ci",
        "repo": "flake-parts",
        "rev": "bf53492df08f3178ce85e0c9df8ed8d03c030c9f",
        "type": "github"
      },
      "original": {
        "id": "flake-parts",
        "type": "indirect"
      }
    },
    "flake-utils": {
      "locked": {
        "lastModified": 1667395993,
        "narHash": "sha256-nuEHfE/LcWyuSWnS8t12N1wc105Qtau+/OdUAjtQ0rA=",
        "owner": "numtide",
        "repo": "flake-utils",
        "rev": "5aed5285a952e0b949eb3ba02c12fa4fcfef535f",
        "type": "github"
      },
      "original": {
        "owner": "numtide",
        "repo": "flake-utils",
        "type": "github"
      }
    },
    "flake-utils_2": {
      "locked": {
        "lastModified": 1659877975,
        "narHash": "sha256-zllb8aq3YO3h8B/U0/J1WBgAL8EX5yWf5pMj3G0NAmc=",
        "owner": "numtide",
        "repo": "flake-utils",
        "rev": "c0e246b9b83f637f4681389ecabcb2681b4f3af0",
        "type": "github"
      },
      "original": {
        "owner": "numtide",
        "repo": "flake-utils",
        "type": "github"
      }
    },
    "holochain": {
      "flake": false,
      "locked": {
        "lastModified": 1675455504,
        "narHash": "sha256-619bpPtO0IUSzPzLNzHERuvqGblpjO65rsw3jdxoEkQ=",
        "owner": "holochain",
        "repo": "holochain",
        "rev": "ed5b7bb461c2a8bfd4d2633bad604a20b8f2da03",
        "type": "github"
      },
      "original": {
        "owner": "holochain",
        "ref": "holochain-0.1.3",
        "repo": "holochain",
        "type": "github"
      }
    },
    "lair": {
      "flake": false,
      "locked": {
        "lastModified": 1670953460,
        "narHash": "sha256-cqOr7iWzsNeomYQiiFggzG5Dr4X0ysnTkjtA8iwDLAQ=",
        "owner": "holochain",
        "repo": "lair",
        "rev": "cbfbefefe43073904a914c8181a450209a74167b",
        "type": "github"
      },
      "original": {
        "owner": "holochain",
        "ref": "lair_keystore-v0.2.3",
        "repo": "lair",
        "type": "github"
      }
    },
    "launcher": {
      "flake": false,
      "locked": {
        "lastModified": 1675974122,
        "narHash": "sha256-eSYSMR4fHnwgquWaFZM2DOl7LRTsDrOGZTYkDc8HE3Q=",
        "owner": "holochain",
        "repo": "launcher",
        "rev": "3bcd14e81cda07e015071b070c2ef032aa1d1193",
        "type": "github"
      },
      "original": {
        "owner": "holochain",
        "ref": "holochain-0.1",
        "repo": "launcher",
        "type": "github"
      }
    },
    "nix-filter": {
      "locked": {
        "lastModified": 1675361037,
        "narHash": "sha256-CTbDuDxFD3U3g/dWUB+r+B/snIe+qqP1R+1myuFGe2I=",
        "owner": "numtide",
        "repo": "nix-filter",
        "rev": "e1b2f96c2a31415f362268bc48c3fccf47dff6eb",
        "type": "github"
      },
      "original": {
        "owner": "numtide",
        "repo": "nix-filter",
        "type": "github"
      }
    },
    "nixpkgs": {
      "locked": {
        "lastModified": 1676569297,
        "narHash": "sha256-2n4C4H3/U+3YbDrQB6xIw7AaLdFISCCFwOkcETAigqU=",
        "owner": "NixOS",
        "repo": "nixpkgs",
        "rev": "ac1f5b72a9e95873d1de0233fddcb56f99884b37",
        "type": "github"
      },
      "original": {
        "id": "nixpkgs",
        "ref": "nixos-unstable",
        "type": "indirect"
      }
    },
    "nixpkgs-lib": {
      "locked": {
        "dir": "lib",
        "lastModified": 1675183161,
        "narHash": "sha256-Zq8sNgAxDckpn7tJo7V1afRSk2eoVbu3OjI1QklGLNg=",
        "owner": "NixOS",
        "repo": "nixpkgs",
        "rev": "e1e1b192c1a5aab2960bf0a0bd53a2e8124fa18e",
        "type": "github"
      },
      "original": {
        "dir": "lib",
        "owner": "NixOS",
        "ref": "nixos-unstable",
        "repo": "nixpkgs",
        "type": "github"
      }
    },
    "root": {
      "inputs": {
        "cargo-chef": "cargo-chef",
        "cargo-rdme": "cargo-rdme",
        "crane": "crane",
        "crate2nix": "crate2nix",
        "flake-compat": "flake-compat_2",
        "flake-parts": "flake-parts",
        "holochain": [
          "versions",
          "holochain"
        ],
        "lair": [
          "versions",
          "lair"
        ],
        "launcher": [
          "versions",
          "launcher"
        ],
        "nix-filter": "nix-filter",
        "nixpkgs": "nixpkgs",
        "rust-overlay": "rust-overlay_2",
        "scaffolding": [
          "versions",
          "scaffolding"
        ],
        "versions": "versions"
      }
    },
    "rust-overlay": {
      "inputs": {
        "flake-utils": [
          "crane",
          "flake-utils"
        ],
        "nixpkgs": [
          "crane",
          "nixpkgs"
        ]
      },
      "locked": {
        "lastModified": 1675391458,
        "narHash": "sha256-ukDKZw922BnK5ohL9LhwtaDAdCsJL7L6ScNEyF1lO9w=",
        "owner": "oxalica",
        "repo": "rust-overlay",
        "rev": "383a4acfd11d778d5c2efcf28376cbd845eeaedf",
        "type": "github"
      },
      "original": {
        "owner": "oxalica",
        "repo": "rust-overlay",
        "type": "github"
      }
    },
    "rust-overlay_2": {
      "inputs": {
        "flake-utils": "flake-utils_2",
        "nixpkgs": [
          "nixpkgs"
        ]
      },
      "locked": {
        "lastModified": 1676687290,
        "narHash": "sha256-DP0CJ7qtUXf+mmMglJL1yANizzV1O4UfQ9NrKgy7O04=",
        "owner": "oxalica",
        "repo": "rust-overlay",
        "rev": "bdccd5e973d45159f7d13f7c65a4271dc02cf6d4",
        "type": "github"
      },
      "original": {
        "owner": "oxalica",
        "repo": "rust-overlay",
        "type": "github"
      }
    },
    "scaffolding": {
      "flake": false,
      "locked": {
        "lastModified": 1676478168,
        "narHash": "sha256-sCcmhrmiji83+80P4q7RIDHF+LGp2VkfKvTHoz+XBmE=",
        "owner": "holochain",
        "repo": "scaffolding",
        "rev": "b95929a492a2d039d7c40fb95f66c0fa8c222377",
        "type": "github"
      },
      "original": {
        "owner": "holochain",
        "ref": "holochain-0.1",
        "repo": "scaffolding",
        "type": "github"
      }
    },
    "versions": {
      "inputs": {
        "holochain": "holochain",
        "lair": "lair",
        "launcher": "launcher",
        "scaffolding": "scaffolding"
      },
      "locked": {
        "lastModified": 1676484909,
        "narHash": "sha256-lykBlfnMWySHI3HvgAhzNZnW0mTg6oXWzzQdRjqR1mc=",
        "path": "./versions/0_1",
        "type": "path"
      },
      "original": {
        "dir": "versions/0_1",
        "owner": "holochain",
        "repo": "holochain",
        "type": "github"
      }
    }
  },
  "root": "root",
  "version": 7
}
