{
  "nodes": {
    "cargo-chef": {
      "flake": false,
      "locked": {
        "lastModified": 1672901199,
        "narHash": "sha256-MHTuR4aQ1rQaBKx1vWDy2wbvcT0ZAzpkVB2zylSC+k0=",
        "owner": "LukeMathWalker",
        "repo": "cargo-chef",
        "rev": "5c9f11578a2e0783cce27666737d50f84510b8b5",
        "type": "github"
      },
      "original": {
        "owner": "LukeMathWalker",
        "ref": "main",
        "repo": "cargo-chef",
        "type": "github"
      }
    },
    "cargo-rdme": {
      "flake": false,
      "locked": {
        "lastModified": 1675118998,
        "narHash": "sha256-lrYWqu3h88fr8gG3Yo5GbFGYaq5/1Os7UtM+Af0Bg4k=",
        "owner": "orium",
        "repo": "cargo-rdme",
        "rev": "f9dbb6bccc078f4869f45ae270a2890ac9a75877",
        "type": "github"
      },
      "original": {
        "owner": "orium",
        "ref": "v1.1.0",
        "repo": "cargo-rdme",
        "type": "github"
      }
    },
    "crane": {
      "inputs": {
        "flake-compat": "flake-compat",
        "flake-utils": "flake-utils",
        "nixpkgs": [
          "nixpkgs"
        ],
        "rust-overlay": "rust-overlay"
      },
      "locked": {
        "lastModified": 1675475924,
        "narHash": "sha256-KWdfV9a6+zG6Ij/7PZYLnomjBZZUu8gdRy+hfjGrrJQ=",
        "owner": "ipetkov",
        "repo": "crane",
        "rev": "1bde9c762ebf26de9f8ecf502357c92105bc4577",
        "type": "github"
      },
      "original": {
        "owner": "ipetkov",
        "repo": "crane",
        "type": "github"
      }
    },
    "crate2nix": {
      "flake": false,
      "locked": {
        "lastModified": 1693149153,
        "narHash": "sha256-HUszQcnIal1FFRAWraODDbxTp0HECwczRTD+Zf0v9o0=",
        "owner": "kolloch",
        "repo": "crate2nix",
        "rev": "8749f46953b46d44fd181b002399e4a20371f323",
        "type": "github"
      },
      "original": {
        "owner": "kolloch",
        "repo": "crate2nix",
        "type": "github"
      }
    },
    "empty": {
      "flake": false,
      "locked": {
        "lastModified": 1683792623,
        "narHash": "sha256-pQpattmS9VmO3ZIQUFn66az8GSmB4IvYhTTCFn6SUmo=",
        "owner": "steveej",
        "repo": "empty",
        "rev": "8e328e450e4cd32e072eba9e99fe92cf2a1ef5cf",
        "type": "github"
      },
      "original": {
        "owner": "steveej",
        "repo": "empty",
        "type": "github"
      }
    },
    "flake-compat": {
      "flake": false,
      "locked": {
        "lastModified": 1673956053,
        "narHash": "sha256-4gtG9iQuiKITOjNQQeQIpoIB6b16fm+504Ch3sNKLd8=",
        "owner": "edolstra",
        "repo": "flake-compat",
        "rev": "35bb57c0c8d8b62bbfd284272c928ceb64ddbde9",
        "type": "github"
      },
      "original": {
        "owner": "edolstra",
        "repo": "flake-compat",
        "type": "github"
      }
    },
    "flake-compat_2": {
      "flake": false,
      "locked": {
        "lastModified": 1673956053,
        "narHash": "sha256-4gtG9iQuiKITOjNQQeQIpoIB6b16fm+504Ch3sNKLd8=",
        "owner": "edolstra",
        "repo": "flake-compat",
        "rev": "35bb57c0c8d8b62bbfd284272c928ceb64ddbde9",
        "type": "github"
      },
      "original": {
        "owner": "edolstra",
        "repo": "flake-compat",
        "type": "github"
      }
    },
    "flake-parts": {
      "inputs": {
        "nixpkgs-lib": "nixpkgs-lib"
      },
      "locked": {
        "lastModified": 1675295133,
        "narHash": "sha256-dU8fuLL98WFXG0VnRgM00bqKX6CEPBLybhiIDIgO45o=",
        "owner": "hercules-ci",
        "repo": "flake-parts",
        "rev": "bf53492df08f3178ce85e0c9df8ed8d03c030c9f",
        "type": "github"
      },
      "original": {
        "id": "flake-parts",
        "type": "indirect"
      }
    },
    "flake-utils": {
      "locked": {
        "lastModified": 1667395993,
        "narHash": "sha256-nuEHfE/LcWyuSWnS8t12N1wc105Qtau+/OdUAjtQ0rA=",
        "owner": "numtide",
        "repo": "flake-utils",
        "rev": "5aed5285a952e0b949eb3ba02c12fa4fcfef535f",
        "type": "github"
      },
      "original": {
        "owner": "numtide",
        "repo": "flake-utils",
        "type": "github"
      }
    },
    "flake-utils_2": {
      "inputs": {
        "systems": "systems"
      },
      "locked": {
        "lastModified": 1681202837,
        "narHash": "sha256-H+Rh19JDwRtpVPAWp64F+rlEtxUWBAQW28eAi3SRSzg=",
        "owner": "numtide",
        "repo": "flake-utils",
        "rev": "cfacdce06f30d2b68473a46042957675eebb3401",
        "type": "github"
      },
      "original": {
        "owner": "numtide",
        "repo": "flake-utils",
        "type": "github"
      }
    },
    "holochain": {
      "flake": false,
      "locked": {
        "lastModified": 1697824272,
        "narHash": "sha256-4hkleGaiYeeUw2/rk/OSY1/eHejUstbvAhYmebq7eVQ=",
        "owner": "holochain",
        "repo": "holochain",
        "rev": "4e3eacc8473d9bef0467b3465f20c6f63eed636b",
        "type": "github"
      },
      "original": {
        "owner": "holochain",
        "ref": "holochain-0.1.7",
        "repo": "holochain",
        "type": "github"
      }
    },
    "lair": {
      "flake": false,
      "locked": {
        "lastModified": 1691746070,
        "narHash": "sha256-CHsTI4yIlkfnYWx2sNgzAoDBvKTLIChybzyJNbB1sMU=",
        "owner": "holochain",
        "repo": "lair",
        "rev": "6ab41b60744515f1760669db6fc5272298a5f324",
        "type": "github"
      },
      "original": {
        "owner": "holochain",
        "ref": "lair_keystore-v0.3.0",
        "repo": "lair",
        "type": "github"
      }
    },
    "launcher": {
      "flake": false,
      "locked": {
        "lastModified": 1677270906,
        "narHash": "sha256-/xT//6nqhjpKLMMv41JE0W3H5sE9jKMr8Dedr88D4N8=",
        "owner": "holochain",
        "repo": "launcher",
        "rev": "1ad188a43900c139e52df10a21e3722f41dfb967",
        "type": "github"
      },
      "original": {
        "owner": "holochain",
        "ref": "holochain-0.1",
        "repo": "launcher",
        "type": "github"
      }
    },
    "nix-filter": {
      "locked": {
        "lastModified": 1675361037,
        "narHash": "sha256-CTbDuDxFD3U3g/dWUB+r+B/snIe+qqP1R+1myuFGe2I=",
        "owner": "numtide",
        "repo": "nix-filter",
        "rev": "e1b2f96c2a31415f362268bc48c3fccf47dff6eb",
        "type": "github"
      },
      "original": {
        "owner": "numtide",
        "repo": "nix-filter",
        "type": "github"
      }
    },
    "nixpkgs": {
      "locked": {
        "lastModified": 1705856552,
        "narHash": "sha256-JXfnuEf5Yd6bhMs/uvM67/joxYKoysyE3M2k6T3eWbg=",
        "owner": "NixOS",
        "repo": "nixpkgs",
        "rev": "612f97239e2cc474c13c9dafa0df378058c5ad8d",
        "type": "github"
      },
      "original": {
        "id": "nixpkgs",
        "ref": "nixos-unstable",
        "type": "indirect"
      }
    },
    "nixpkgs-lib": {
      "locked": {
        "dir": "lib",
        "lastModified": 1675183161,
        "narHash": "sha256-Zq8sNgAxDckpn7tJo7V1afRSk2eoVbu3OjI1QklGLNg=",
        "owner": "NixOS",
        "repo": "nixpkgs",
        "rev": "e1e1b192c1a5aab2960bf0a0bd53a2e8124fa18e",
        "type": "github"
      },
      "original": {
        "dir": "lib",
        "owner": "NixOS",
        "ref": "nixos-unstable",
        "repo": "nixpkgs",
        "type": "github"
      }
    },
    "pre-commit-hooks-nix": {
      "flake": false,
      "locked": {
        "lastModified": 1676513100,
        "narHash": "sha256-MK39nQV86L2ag4TmcK5/+r1ULpzRLPbbfvWbPvIoYJE=",
        "owner": "cachix",
        "repo": "pre-commit-hooks.nix",
        "rev": "5f0cba88ac4d6dd8cad5c6f6f1540b3d6a21a798",
        "type": "github"
      },
      "original": {
        "owner": "cachix",
        "repo": "pre-commit-hooks.nix",
        "type": "github"
      }
    },
    "repo-git": {
      "flake": false,
      "locked": {
        "narHash": "sha256-d6xi4mKdjkX2JFicDIv5niSzpyI0m/Hnm8GGAIU04kY=",
        "type": "file",
        "url": "file:/dev/null"
      },
      "original": {
        "type": "file",
        "url": "file:/dev/null"
      }
    },
    "root": {
      "inputs": {
        "cargo-chef": "cargo-chef",
        "cargo-rdme": "cargo-rdme",
        "crane": "crane",
        "crate2nix": "crate2nix",
        "empty": "empty",
        "flake-compat": "flake-compat_2",
        "flake-parts": "flake-parts",
        "holochain": [
          "empty"
        ],
        "lair": [
          "empty"
        ],
        "launcher": [
          "empty"
        ],
        "nix-filter": "nix-filter",
        "nixpkgs": "nixpkgs",
        "pre-commit-hooks-nix": "pre-commit-hooks-nix",
        "repo-git": "repo-git",
        "rust-overlay": "rust-overlay_2",
        "scaffolding": [
          "empty"
        ],
        "versions": "versions"
      }
    },
    "rust-overlay": {
      "inputs": {
        "flake-utils": [
          "crane",
          "flake-utils"
        ],
        "nixpkgs": [
          "crane",
          "nixpkgs"
        ]
      },
      "locked": {
        "lastModified": 1675391458,
        "narHash": "sha256-ukDKZw922BnK5ohL9LhwtaDAdCsJL7L6ScNEyF1lO9w=",
        "owner": "oxalica",
        "repo": "rust-overlay",
        "rev": "383a4acfd11d778d5c2efcf28376cbd845eeaedf",
        "type": "github"
      },
      "original": {
        "owner": "oxalica",
        "repo": "rust-overlay",
        "type": "github"
      }
    },
    "rust-overlay_2": {
      "inputs": {
        "flake-utils": "flake-utils_2",
        "nixpkgs": [
          "nixpkgs"
        ]
      },
      "locked": {
        "lastModified": 1705976279,
        "narHash": "sha256-Zx97bJ3+O8IP70uJPD//rRsr8bcxICISMTZUT/L9eFk=",
        "owner": "oxalica",
        "repo": "rust-overlay",
        "rev": "f889dc31ef97835834bdc3662394ebdb3c96b974",
        "type": "github"
      },
      "original": {
        "owner": "oxalica",
        "repo": "rust-overlay",
        "type": "github"
      }
    },
    "scaffolding": {
      "flake": false,
      "locked": {
        "lastModified": 1705075437,
        "narHash": "sha256-QKfavCQniePQBpgP/QuFfUhQvo7Sil8o57QGieu3Jt0=",
        "owner": "holochain",
        "repo": "scaffolding",
        "rev": "58564c43bc2a03bf35731178c144015452dd6711",
        "type": "github"
      },
      "original": {
        "owner": "holochain",
        "ref": "holochain-0.1",
        "repo": "scaffolding",
        "type": "github"
      }
    },
    "systems": {
      "locked": {
        "lastModified": 1681028828,
        "narHash": "sha256-Vy1rq5AaRuLzOxct8nz4T6wlgyUR7zLU309k9mBC768=",
        "owner": "nix-systems",
        "repo": "default",
        "rev": "da67096a3b9bf56a91d16901293e51ba5b49a27e",
        "type": "github"
      },
      "original": {
        "owner": "nix-systems",
        "repo": "default",
        "type": "github"
      }
    },
    "versions": {
      "inputs": {
        "holochain": "holochain",
        "lair": "lair",
        "launcher": "launcher",
        "scaffolding": "scaffolding"
      },
      "locked": {
        "lastModified": 1705083288,
        "narHash": "sha256-eroaNtCnSP/NrLWlbnr/4mNarYwmnnnsCBW1SmJzPMM=",
        "path": "./versions/0_1",
        "type": "path"
      },
      "original": {
        "dir": "versions/0_1",
        "owner": "holochain",
        "repo": "holochain",
        "type": "github"
      }
    }
  },
  "root": "root",
  "version": 7
}
