{
  "nodes": {
    "holochain": {
      "flake": false,
      "locked": {
        "lastModified": 1717619254,
        "narHash": "sha256-iuhK1TA9tF5r3tfBfiwT1ruBMW8QAKfgZn7CIXWZs4w=",
        "owner": "holochain",
        "repo": "holochain",
        "rev": "2ce54138e975104b7f6ea0d7c802265a34a2bf1b",
        "type": "github"
      },
      "original": {
        "owner": "holochain",
        "ref": "holochain-0.4.0-dev.7",
        "repo": "holochain",
        "type": "github"
      }
    },
    "lair": {
      "flake": false,
      "locked": {
        "lastModified": 1709335027,
        "narHash": "sha256-rKMhh7TLuR1lqze2YFWZCGYKZQoB4dZxjpX3sb7r7Jk=",
        "owner": "holochain",
        "repo": "lair",
        "rev": "826be915efc839d1d1b8a2156b158999b8de8d5b",
        "type": "github"
      },
      "original": {
        "owner": "holochain",
        "ref": "lair_keystore-v0.4.4",
        "repo": "lair",
        "type": "github"
      }
    },
    "launcher": {
      "flake": false,
      "locked": {
        "lastModified": 1715106263,
        "narHash": "sha256-a7iQ8pKGz6fghJrtXq0Xamp57GE8Hd3w5YQASzz5Wlk=",
        "owner": "holochain",
        "repo": "launcher",
        "rev": "92bd39e1c66912d61c35c4725d7b106959888670",
        "type": "github"
      },
      "original": {
        "owner": "holochain",
        "ref": "holochain-weekly",
        "repo": "launcher",
        "type": "github"
      }
    },
    "root": {
      "inputs": {
        "holochain": "holochain",
        "lair": "lair",
        "launcher": "launcher",
        "scaffolding": "scaffolding"
      }
    },
    "scaffolding": {
      "flake": false,
      "locked": {
        "lastModified": 1716496525,
        "narHash": "sha256-DB4KmZ5rVXcEiet843ivQuT9iB1JHuzIUl45ZBjPJXg=",
        "owner": "holochain",
        "repo": "scaffolding",
        "rev": "d99193b228a4ff972987ded190886d8dddc374bf",
        "type": "github"
      },
      "original": {
        "owner": "holochain",
        "ref": "holochain-weekly",
        "repo": "scaffolding",
        "type": "github"
      }
    }
  },
  "root": "root",
  "version": 7
}
