{
  "nodes": {
    "holochain": {
      "flake": false,
      "locked": {
        "lastModified": 1706789046,
        "narHash": "sha256-KJTNWJesaIDuzfp1/KC0iNiuxcqta/CaW0NVlbPEqaE=",
        "owner": "holochain",
        "repo": "holochain",
        "rev": "9e253c92ee2021af7f8d3b7004fadac10542c34c",
        "type": "github"
      },
      "original": {
        "owner": "holochain",
        "ref": "holochain-0.3.0-beta-dev.35",
        "repo": "holochain",
        "type": "github"
      }
    },
    "lair": {
      "flake": false,
      "locked": {
        "lastModified": 1706550351,
        "narHash": "sha256-psVjtb+zj0pZnHTj1xNP2pGBd5Ua1cSwdOAdYdUe3yQ=",
        "owner": "holochain",
        "repo": "lair",
        "rev": "b11e65eff11c8ac3bf938607946f5c7201298a65",
        "type": "github"
      },
      "original": {
        "owner": "holochain",
        "ref": "lair_keystore-v0.4.2",
        "repo": "lair",
        "type": "github"
      }
    },
    "launcher": {
      "flake": false,
      "locked": {
        "lastModified": 1706294585,
        "narHash": "sha256-92Qc6hBMFfHo3w1m1+EpNAAV+7whpkgRHiGqNiXaMCg=",
        "owner": "holochain",
        "repo": "launcher",
        "rev": "51a45a7141abc98a861b34b288b384f50f359485",
        "type": "github"
      },
      "original": {
        "owner": "holochain",
        "ref": "holochain-weekly",
        "repo": "launcher",
        "type": "github"
      }
    },
    "root": {
      "inputs": {
        "holochain": "holochain",
        "lair": "lair",
        "launcher": "launcher",
        "scaffolding": "scaffolding"
      }
    },
    "scaffolding": {
      "flake": false,
      "locked": {
        "lastModified": 1705076186,
        "narHash": "sha256-O914XeBuFulky5RqTOvsog+fbO12v0ppW+mIdO6lvKU=",
        "owner": "holochain",
        "repo": "scaffolding",
        "rev": "42e025fe23ac0b4cd659d95e6752d2d300a8d076",
        "type": "github"
      },
      "original": {
        "owner": "holochain",
        "ref": "holochain-0.2",
        "repo": "scaffolding",
        "type": "github"
      }
    }
  },
  "root": "root",
  "version": 7
}
