{
  "nodes": {
    "holochain": {
      "flake": false,
      "locked": {
        "lastModified": 1697590370,
        "narHash": "sha256-QshB2nUpZvr49kmodZt6yfAmTv/FY1S7yAgyvK0xRtY=",
        "owner": "holochain",
        "repo": "holochain",
        "rev": "792e256b9e1c52ca360d4c2210da9371b22a99b7",
        "type": "github"
      },
      "original": {
        "owner": "holochain",
        "ref": "holochain-0.3.0-beta-dev.22",
        "repo": "holochain",
        "type": "github"
      }
    },
    "lair": {
      "flake": false,
      "locked": {
        "lastModified": 1691746070,
        "narHash": "sha256-CHsTI4yIlkfnYWx2sNgzAoDBvKTLIChybzyJNbB1sMU=",
        "owner": "holochain",
        "repo": "lair",
        "rev": "6ab41b60744515f1760669db6fc5272298a5f324",
        "type": "github"
      },
      "original": {
        "owner": "holochain",
        "ref": "lair_keystore-v0.3.0",
        "repo": "lair",
        "type": "github"
      }
    },
    "launcher": {
      "flake": false,
      "locked": {
        "lastModified": 1696872398,
        "narHash": "sha256-wRFBUxweljJShXNEZlZGUKScBPVQm6ydH1QFvoNlbIE=",
        "owner": "holochain",
        "repo": "launcher",
        "rev": "1beda27221504085ae1dd537788433bee9c6f353",
        "type": "github"
      },
      "original": {
        "owner": "holochain",
        "ref": "holochain-weekly",
        "repo": "launcher",
        "type": "github"
      }
    },
    "root": {
      "inputs": {
        "holochain": "holochain",
        "lair": "lair",
        "launcher": "launcher",
        "scaffolding": "scaffolding"
      }
    },
    "scaffolding": {
      "flake": false,
      "locked": {
        "lastModified": 1695674679,
        "narHash": "sha256-IwgQbgitUo61ZXYSXBAro5ThfYy/yMGmzZGTb3c6sT0=",
        "owner": "holochain",
        "repo": "scaffolding",
        "rev": "821439b8dd49d5ce594be04c4720df25e88a4dbc",
        "type": "github"
      },
      "original": {
        "owner": "holochain",
        "ref": "holochain-0.2",
        "repo": "scaffolding",
        "type": "github"
      }
    }
  },
  "root": "root",
  "version": 7
}
