{
  "nodes": {
    "holochain": {
      "flake": false,
      "locked": {
        "lastModified": 1717415946,
        "narHash": "sha256-Fjvmz9JKwwKzluJqax8dk3Y8gjnKW2ec2+rBwujK+nA=",
        "owner": "holochain",
        "repo": "holochain",
        "rev": "dc34e4e851f1a8e4bfa3a36ff1adf6c8a2c64e47",
        "type": "github"
      },
      "original": {
        "owner": "holochain",
        "ref": "holochain-0.3.1-rc.1",
        "repo": "holochain",
        "type": "github"
      }
    },
    "lair": {
      "flake": false,
      "locked": {
        "lastModified": 1709335027,
        "narHash": "sha256-rKMhh7TLuR1lqze2YFWZCGYKZQoB4dZxjpX3sb7r7Jk=",
        "owner": "holochain",
        "repo": "lair",
        "rev": "826be915efc839d1d1b8a2156b158999b8de8d5b",
        "type": "github"
      },
      "original": {
        "owner": "holochain",
        "ref": "lair_keystore-v0.4.4",
        "repo": "lair",
        "type": "github"
      }
    },
    "launcher": {
      "flake": false,
      "locked": {
        "lastModified": 1716406557,
        "narHash": "sha256-6eWndYspznXKYIJcuPCWFZ3lxdh7TrlEUGP1zaE5Mgs=",
        "owner": "holochain",
        "repo": "launcher",
        "rev": "f20844aa5041432547c55176d71e67b32e302f77",
        "type": "github"
      },
      "original": {
        "owner": "holochain",
        "ref": "holochain-0.3",
        "repo": "launcher",
        "type": "github"
      }
    },
    "root": {
      "inputs": {
        "holochain": "holochain",
        "lair": "lair",
        "launcher": "launcher",
        "scaffolding": "scaffolding"
      }
    },
    "scaffolding": {
      "flake": false,
      "locked": {
        "lastModified": 1717056432,
        "narHash": "sha256-zsSoSsqrDKI/ETGkkjKAIl9GXZ8Qe1T6/TpMvlVRc8M=",
        "owner": "holochain",
        "repo": "scaffolding",
        "rev": "a14167ccf966d1b7ef9b35a68bb359864c2c6fae",
        "type": "github"
      },
      "original": {
        "owner": "holochain",
        "ref": "holochain-0.3",
        "repo": "scaffolding",
        "type": "github"
      }
    }
  },
  "root": "root",
  "version": 7
}
