{
  "nodes": {
    "holochain": {
      "flake": false,
      "locked": {
        "lastModified": 1726578576,
        "narHash": "sha256-tlY2Q881dEKQYI7LXQbvv59VTkE1w7OMT6SSzZonZFs=",
        "owner": "holochain",
        "repo": "holochain",
        "rev": "abb63fc2eff0ddabfb7a0f33d37edc15b2a98bc2",
        "type": "github"
      },
      "original": {
        "owner": "holochain",
        "ref": "holochain-0.3.3-rc.0",
        "repo": "holochain",
        "type": "github"
      }
    },
    "lair": {
      "flake": false,
      "locked": {
        "lastModified": 1717684904,
        "narHash": "sha256-vcXt67Tl1qwVUkx8CBevdQocqZXUEeoXjaYw86ljsYo=",
        "owner": "holochain",
        "repo": "lair",
        "rev": "6a84ed490fc7074d107e38bbb4a8d707e9b8e066",
        "type": "github"
      },
      "original": {
        "owner": "holochain",
        "ref": "lair_keystore-v0.4.5",
        "repo": "lair",
        "type": "github"
      }
    },
    "launcher": {
      "flake": false,
      "locked": {
        "lastModified": 1717431387,
        "narHash": "sha256-+VvWwBmxcgePV1L6kU2mSkg3emMiMgpdQnCqvQJkRPk=",
        "owner": "holochain",
        "repo": "hc-launch",
        "rev": "9d9cab5e6b57e1c278113921ff203e515c8bbd2e",
        "type": "github"
      },
      "original": {
        "owner": "holochain",
        "ref": "holochain-0.3",
        "repo": "hc-launch",
        "type": "github"
      }
    },
    "root": {
      "inputs": {
        "holochain": "holochain",
        "lair": "lair",
        "launcher": "launcher",
        "scaffolding": "scaffolding"
      }
    },
    "scaffolding": {
      "flake": false,
      "locked": {
        "lastModified": 1724073530,
        "narHash": "sha256-PUM8otA5F5s8ZHxhjupn7R+RZAjh2rueYIFwu3UkK44=",
        "owner": "holochain",
        "repo": "scaffolding",
        "rev": "8a6d1dab0f1668c2781a46d93a5ad638fcf25598",
        "type": "github"
      },
      "original": {
        "owner": "holochain",
        "ref": "holochain-0.3",
        "repo": "scaffolding",
        "type": "github"
      }
    }
  },
  "root": "root",
  "version": 7
}
