{
  "nodes": {
    "holochain": {
      "flake": false,
      "locked": {
        "lastModified": 1675455504,
        "narHash": "sha256-619bpPtO0IUSzPzLNzHERuvqGblpjO65rsw3jdxoEkQ=",
        "owner": "holochain",
        "repo": "holochain",
        "rev": "ed5b7bb461c2a8bfd4d2633bad604a20b8f2da03",
        "type": "github"
      },
      "original": {
        "owner": "holochain",
        "ref": "holochain-0.1.3",
        "repo": "holochain",
        "type": "github"
      }
    },
    "lair": {
      "flake": false,
      "locked": {
        "lastModified": 1670953460,
        "narHash": "sha256-cqOr7iWzsNeomYQiiFggzG5Dr4X0ysnTkjtA8iwDLAQ=",
        "owner": "holochain",
        "repo": "lair",
        "rev": "cbfbefefe43073904a914c8181a450209a74167b",
        "type": "github"
      },
      "original": {
        "owner": "holochain",
        "ref": "lair_keystore-v0.2.3",
        "repo": "lair",
        "type": "github"
      }
    },
    "launcher": {
      "flake": false,
      "locked": {
        "lastModified": 1675803158,
        "narHash": "sha256-fWEH/FrK64f9pOhkyYA0+rWdlq62lv57+7WRCOz/djk=",
        "owner": "holochain",
        "repo": "launcher",
        "rev": "5e8b28b1f0c90d3bac27f1ccc0bd133b46a430eb",
        "type": "github"
      },
      "original": {
        "owner": "holochain",
        "ref": "holochain-0.1",
        "repo": "launcher",
        "type": "github"
      }
    },
    "root": {
      "inputs": {
        "holochain": "holochain",
        "lair": "lair",
        "launcher": "launcher",
        "scaffolding": "scaffolding"
      }
    },
    "scaffolding": {
      "flake": false,
      "locked": {
        "lastModified": 1675887664,
        "narHash": "sha256-qpiZcikaGkZ6nr8G+WP4R0n9bO/EEadZ28bwiSgtv1o=",
        "owner": "holochain",
        "repo": "scaffolding",
        "rev": "02dd8e57f36a8bc8919e300c9b0814986277eb88",
        "type": "github"
      },
      "original": {
        "owner": "holochain",
        "ref": "holochain-0.1",
        "repo": "scaffolding",
        "type": "github"
      }
    }
  },
  "root": "root",
  "version": 7
}
