{
  "nodes": {
    "holochain": {
      "flake": false,
      "locked": {
        "lastModified": 1732794113,
        "narHash": "sha256-p123iaQbIY7bkJWnRab3saVNTOBWwl4N6Sz1sYMPAWQ=",
        "owner": "holochain",
        "repo": "holochain",
        "rev": "662cbcc45a685425355f5e3682c080a101271dfa",
        "type": "github"
      },
      "original": {
        "owner": "holochain",
        "ref": "holochain-0.4.0-rc.2",
        "repo": "holochain",
        "type": "github"
      }
    },
    "lair": {
      "flake": false,
      "locked": {
        "lastModified": 1732721902,
        "narHash": "sha256-D8sXIpOptaXib5bc6zS7KsGzu4D08jaL8Fx1W/mlADE=",
        "owner": "holochain",
        "repo": "lair",
        "rev": "e82937521ae9b7bdb30c8b0736c13cd4220a0223",
        "type": "github"
      },
      "original": {
        "owner": "holochain",
        "ref": "lair_keystore-v0.5.3",
        "repo": "lair",
        "type": "github"
      }
    },
    "launcher": {
      "flake": false,
      "locked": {
        "lastModified": 1733248356,
        "narHash": "sha256-hFExvjAgMYfU0C1eeGsMJgn3lVUx0nft/rZcYUek7Mo=",
        "owner": "holochain",
        "repo": "hc-launch",
        "rev": "d9839fe93bde55c2f729d001f1e87dda647575fe",
        "type": "github"
      },
      "original": {
        "owner": "holochain",
        "ref": "holochain-0.4",
        "repo": "hc-launch",
        "type": "github"
      }
    },
    "root": {
      "inputs": {
        "holochain": "holochain",
        "lair": "lair",
        "launcher": "launcher",
        "scaffolding": "scaffolding"
      }
    },
    "scaffolding": {
      "flake": false,
      "locked": {
        "lastModified": 1733246336,
        "narHash": "sha256-ER0mm4onjFZZXf1NZ6hp9uIbvYQ6dNpf2VqmRpbGllM=",
        "owner": "holochain",
        "repo": "scaffolding",
        "rev": "931fdf3b13a893063b6e7822c65755f76a491f75",
        "type": "github"
      },
      "original": {
        "owner": "holochain",
        "ref": "holochain-0.4",
        "repo": "scaffolding",
        "type": "github"
      }
    }
  },
  "root": "root",
  "version": 7
}
