{
  "nodes": {
    "holochain": {
      "flake": false,
      "locked": {
        "lastModified": 1705753779,
        "narHash": "sha256-RBXXPeQmkdw0RMFxjiIjMCa9l7qEwlJTC5AejlRQzwI=",
        "owner": "holochain",
        "repo": "holochain",
        "rev": "7c2d0149314a01c4c115ddca583421ab9ee4ff75",
        "type": "github"
      },
      "original": {
        "owner": "holochain",
        "ref": "holochain-0.2.5-rc.0",
        "repo": "holochain",
        "type": "github"
      }
    },
    "lair": {
      "flake": false,
      "locked": {
        "lastModified": 1702662684,
        "narHash": "sha256-heq+r9cCgyBbRp3rJBf009ituoEz7xBysy0awbNrlyk=",
        "owner": "holochain",
        "repo": "lair",
        "rev": "026c1e7832f7a152a0093bbc6a3b4542ae85b7ba",
        "type": "github"
      },
      "original": {
        "owner": "holochain",
        "ref": "lair_keystore-v0.4.0",
        "repo": "lair",
        "type": "github"
      }
    },
    "launcher": {
      "flake": false,
      "locked": {
        "lastModified": 1684183666,
        "narHash": "sha256-rOE/W/BBYyZKOyypKb8X9Vpc4ty1TNRoI/fV5+01JPw=",
        "owner": "holochain",
        "repo": "launcher",
        "rev": "75ecdd0aa191ed830cc209a984a6030e656042ff",
        "type": "github"
      },
      "original": {
        "owner": "holochain",
        "ref": "holochain-0.2",
        "repo": "launcher",
        "type": "github"
      }
    },
    "root": {
      "inputs": {
        "holochain": "holochain",
        "lair": "lair",
        "launcher": "launcher",
        "scaffolding": "scaffolding"
      }
    },
    "scaffolding": {
      "flake": false,
      "locked": {
        "lastModified": 1705076186,
        "narHash": "sha256-O914XeBuFulky5RqTOvsog+fbO12v0ppW+mIdO6lvKU=",
        "owner": "holochain",
        "repo": "scaffolding",
        "rev": "42e025fe23ac0b4cd659d95e6752d2d300a8d076",
        "type": "github"
      },
      "original": {
        "owner": "holochain",
        "ref": "holochain-0.2",
        "repo": "scaffolding",
        "type": "github"
      }
    }
  },
  "root": "root",
  "version": 7
}
