{
  "nodes": {
    "holochain": {
      "flake": false,
      "locked": {
        "lastModified": 1706211948,
        "narHash": "sha256-gdhJfb5uv2AnGKqytwNcGe/ecaYV7iNdIIzXqLQETio=",
        "owner": "holochain",
        "repo": "holochain",
        "rev": "5613b68e882b404d49e9c42b169cd64c9128728f",
        "type": "github"
      },
      "original": {
        "owner": "holochain",
        "ref": "holochain-0.2.5-rc.1",
        "repo": "holochain",
        "type": "github"
      }
    },
    "lair": {
      "flake": false,
      "locked": {
        "lastModified": 1706116670,
        "narHash": "sha256-SOY+OEH5uqNoQx8JsRnY5bSNO+UFM/k2uQiJ92V0Qhg=",
        "owner": "holochain",
        "repo": "lair",
        "rev": "2048dd76ddd979298d2b0b8123caa9d3464e9284",
        "type": "github"
      },
      "original": {
        "owner": "holochain",
        "ref": "lair_keystore-v0.4.1",
        "repo": "lair",
        "type": "github"
      }
    },
    "launcher": {
      "flake": false,
      "locked": {
        "lastModified": 1684183666,
        "narHash": "sha256-rOE/W/BBYyZKOyypKb8X9Vpc4ty1TNRoI/fV5+01JPw=",
        "owner": "holochain",
        "repo": "launcher",
        "rev": "75ecdd0aa191ed830cc209a984a6030e656042ff",
        "type": "github"
      },
      "original": {
        "owner": "holochain",
        "ref": "holochain-0.2",
        "repo": "launcher",
        "type": "github"
      }
    },
    "root": {
      "inputs": {
        "holochain": "holochain",
        "lair": "lair",
        "launcher": "launcher",
        "scaffolding": "scaffolding"
      }
    },
    "scaffolding": {
      "flake": false,
      "locked": {
        "lastModified": 1705076186,
        "narHash": "sha256-O914XeBuFulky5RqTOvsog+fbO12v0ppW+mIdO6lvKU=",
        "owner": "holochain",
        "repo": "scaffolding",
        "rev": "42e025fe23ac0b4cd659d95e6752d2d300a8d076",
        "type": "github"
      },
      "original": {
        "owner": "holochain",
        "ref": "holochain-0.2",
        "repo": "scaffolding",
        "type": "github"
      }
    }
  },
  "root": "root",
  "version": 7
}
