{
  "nodes": {
    "holochain": {
      "flake": false,
      "locked": {
        "lastModified": 1708096206,
        "narHash": "sha256-OBproS/jo+Idlr6RErS1DOZYZtz3nGGoVsJxY3nNEGw=",
        "owner": "holochain",
        "repo": "holochain",
        "rev": "5ec1cdfb2e5207a6d7c7d63fffdb408f00c15812",
        "type": "github"
      },
      "original": {
        "owner": "holochain",
        "ref": "holochain-0.2.7-rc.0",
        "repo": "holochain",
        "type": "github"
      }
    },
    "lair": {
      "flake": false,
      "locked": {
        "lastModified": 1706550351,
        "narHash": "sha256-psVjtb+zj0pZnHTj1xNP2pGBd5Ua1cSwdOAdYdUe3yQ=",
        "owner": "holochain",
        "repo": "lair",
        "rev": "b11e65eff11c8ac3bf938607946f5c7201298a65",
        "type": "github"
      },
      "original": {
        "owner": "holochain",
        "ref": "lair_keystore-v0.4.2",
        "repo": "lair",
        "type": "github"
      }
    },
    "launcher": {
      "flake": false,
      "locked": {
        "lastModified": 1684183666,
        "narHash": "sha256-rOE/W/BBYyZKOyypKb8X9Vpc4ty1TNRoI/fV5+01JPw=",
        "owner": "holochain",
        "repo": "launcher",
        "rev": "75ecdd0aa191ed830cc209a984a6030e656042ff",
        "type": "github"
      },
      "original": {
        "owner": "holochain",
        "ref": "holochain-0.2",
        "repo": "launcher",
        "type": "github"
      }
    },
    "root": {
      "inputs": {
        "holochain": "holochain",
        "lair": "lair",
        "launcher": "launcher",
        "scaffolding": "scaffolding"
      }
    },
    "scaffolding": {
      "flake": false,
      "locked": {
        "lastModified": 1708195684,
        "narHash": "sha256-Z2ymdwC8mKr4pGRC+iMKpVR+kFCny1VwcCbtz7LuzeE=",
        "owner": "holochain",
        "repo": "scaffolding",
        "rev": "ce2281438dd314d825860cd5942122ac164f1f1e",
        "type": "github"
      },
      "original": {
        "owner": "holochain",
        "ref": "holochain-0.2",
        "repo": "scaffolding",
        "type": "github"
      }
    }
  },
  "root": "root",
  "version": 7
}
