{
  "nodes": {
    "holochain": {
      "flake": false,
      "locked": {
        "lastModified": 1728056814,
        "narHash": "sha256-OUVNmUCUk4G2ur+O/Q6Ji77iHQeN3PufmiPDz9MS8AY=",
        "owner": "holochain",
        "repo": "holochain",
        "rev": "63aeec5fd95b3263bc8ebce73c53b9f0e03bbf36",
        "type": "github"
      },
      "original": {
        "owner": "holochain",
        "ref": "holochain-0.3.3",
        "repo": "holochain",
        "type": "github"
      }
    },
    "lair": {
      "flake": false,
      "locked": {
        "lastModified": 1717684904,
        "narHash": "sha256-vcXt67Tl1qwVUkx8CBevdQocqZXUEeoXjaYw86ljsYo=",
        "owner": "holochain",
        "repo": "lair",
        "rev": "6a84ed490fc7074d107e38bbb4a8d707e9b8e066",
        "type": "github"
      },
      "original": {
        "owner": "holochain",
        "ref": "lair_keystore-v0.4.5",
        "repo": "lair",
        "type": "github"
      }
    },
    "launcher": {
      "flake": false,
      "locked": {
        "lastModified": 1717431387,
        "narHash": "sha256-+VvWwBmxcgePV1L6kU2mSkg3emMiMgpdQnCqvQJkRPk=",
        "owner": "holochain",
        "repo": "hc-launch",
        "rev": "9d9cab5e6b57e1c278113921ff203e515c8bbd2e",
        "type": "github"
      },
      "original": {
        "owner": "holochain",
        "ref": "holochain-0.3",
        "repo": "hc-launch",
        "type": "github"
      }
    },
    "root": {
      "inputs": {
        "holochain": "holochain",
        "lair": "lair",
        "launcher": "launcher",
        "scaffolding": "scaffolding"
      }
    },
    "scaffolding": {
      "flake": false,
      "locked": {
        "lastModified": 1727691892,
        "narHash": "sha256-8dMLmpYp19wZhxlR1uiSeR23nGAOhHnyiZ/5CPwOoAg=",
        "owner": "holochain",
        "repo": "scaffolding",
        "rev": "d0290b88ac08e6811d57acb3294a177d107d2528",
        "type": "github"
      },
      "original": {
        "owner": "holochain",
        "ref": "holochain-0.3",
        "repo": "scaffolding",
        "type": "github"
      }
    }
  },
  "root": "root",
  "version": 7
}
