{
  "nodes": {
    "holochain": {
      "flake": false,
      "locked": {
        "lastModified": 1733145535,
        "narHash": "sha256-fDDdYFkkN1kJA32vVF+HKIbLCZTaMBPmZYah9iqB18E=",
        "owner": "holochain",
        "repo": "holochain",
        "rev": "eba9927d03edd8f27a827f8cc0026916b493c9ea",
        "type": "github"
      },
      "original": {
        "owner": "holochain",
        "ref": "holochain-0.3.6",
        "repo": "holochain",
        "type": "github"
      }
    },
    "lair": {
      "flake": false,
      "locked": {
        "lastModified": 1728644214,
        "narHash": "sha256-cuYpImsJb/iPbqnAfaRsXlmJ36e9e8kyNL7Tq/+yauQ=",
        "owner": "holochain",
        "repo": "lair",
        "rev": "7002ef751b08a969e6002776ed3a8dfd929d7577",
        "type": "github"
      },
      "original": {
        "owner": "holochain",
        "ref": "lair_keystore-v0.4.6",
        "repo": "lair",
        "type": "github"
      }
    },
    "launcher": {
      "flake": false,
      "locked": {
        "lastModified": 1733246036,
        "narHash": "sha256-/UpB+zK5Yqhpoo+6I+4yl7D0DPTmh5gOOzipakjpJAA=",
        "owner": "holochain",
        "repo": "hc-launch",
        "rev": "f6f980801f820f036ef133b6dc31efbef6dd0f99",
        "type": "github"
      },
      "original": {
        "owner": "holochain",
        "ref": "holochain-0.3",
        "repo": "hc-launch",
        "type": "github"
      }
    },
    "root": {
      "inputs": {
        "holochain": "holochain",
        "lair": "lair",
        "launcher": "launcher",
        "scaffolding": "scaffolding"
      }
    },
    "scaffolding": {
      "flake": false,
      "locked": {
        "lastModified": 1733246397,
        "narHash": "sha256-vIn9O4dwSsqELZO6J6UVf4vUP0rA5pTRCRFUmY9/Djk=",
        "owner": "holochain",
        "repo": "scaffolding",
        "rev": "b787660a0fbdd8de9c736c3e1c9c8db5962f43bd",
        "type": "github"
      },
      "original": {
        "owner": "holochain",
        "ref": "holochain-0.3",
        "repo": "scaffolding",
        "type": "github"
      }
    }
  },
  "root": "root",
  "version": 7
}
