{
  "nodes": {
    "holochain": {
      "flake": false,
      "locked": {
        "lastModified": 1722347117,
        "narHash": "sha256-Jv4DxaVtdbO+fOD4woFoepCCOtRN/HF94xJSwViz3ck=",
        "owner": "holochain",
        "repo": "holochain",
        "rev": "97d86050b177829b623461970db5c3b64fbd74c1",
        "type": "github"
      },
      "original": {
        "owner": "holochain",
        "ref": "holochain-0.3.2",
        "repo": "holochain",
        "type": "github"
      }
    },
    "lair": {
      "flake": false,
      "locked": {
        "lastModified": 1709335027,
        "narHash": "sha256-rKMhh7TLuR1lqze2YFWZCGYKZQoB4dZxjpX3sb7r7Jk=",
        "owner": "holochain",
        "repo": "lair",
        "rev": "826be915efc839d1d1b8a2156b158999b8de8d5b",
        "type": "github"
      },
      "original": {
        "owner": "holochain",
        "ref": "lair_keystore-v0.4.4",
        "repo": "lair",
        "type": "github"
      }
    },
    "launcher": {
      "flake": false,
      "locked": {
        "lastModified": 1717431387,
        "narHash": "sha256-+VvWwBmxcgePV1L6kU2mSkg3emMiMgpdQnCqvQJkRPk=",
        "owner": "holochain",
        "repo": "hc-launch",
        "rev": "9d9cab5e6b57e1c278113921ff203e515c8bbd2e",
        "type": "github"
      },
      "original": {
        "owner": "holochain",
        "ref": "holochain-0.3",
        "repo": "hc-launch",
        "type": "github"
      }
    },
    "root": {
      "inputs": {
        "holochain": "holochain",
        "lair": "lair",
        "launcher": "launcher",
        "scaffolding": "scaffolding"
      }
    },
    "scaffolding": {
      "flake": false,
      "locked": {
        "lastModified": 1721322247,
        "narHash": "sha256-HtYc28vwS2+YzgE5ZHq+U9vg0W1/mvFblGkLUhMx5wA=",
        "owner": "holochain",
        "repo": "scaffolding",
        "rev": "fa5f502eed7fe4438105e0cca6c22f8eed999c52",
        "type": "github"
      },
      "original": {
        "owner": "holochain",
        "ref": "holochain-0.3",
        "repo": "scaffolding",
        "type": "github"
      }
    }
  },
  "root": "root",
  "version": 7
}
