{
  "nodes": {
    "holochain": {
      "flake": false,
      "locked": {
        "lastModified": 1702563980,
        "narHash": "sha256-FreX9/2dj2/gxyj/1MmaZkmFKnrTUrHtH1/FD9sfE/M=",
        "owner": "holochain",
        "repo": "holochain",
        "rev": "adaed11bd637ae8ff4ffa216558aea226cc87a0c",
        "type": "github"
      },
      "original": {
        "owner": "holochain",
        "ref": "holochain-0.2.4",
        "repo": "holochain",
        "type": "github"
      }
    },
    "lair": {
      "flake": false,
      "locked": {
        "lastModified": 1691746070,
        "narHash": "sha256-CHsTI4yIlkfnYWx2sNgzAoDBvKTLIChybzyJNbB1sMU=",
        "owner": "holochain",
        "repo": "lair",
        "rev": "6ab41b60744515f1760669db6fc5272298a5f324",
        "type": "github"
      },
      "original": {
        "owner": "holochain",
        "ref": "lair_keystore-v0.3.0",
        "repo": "lair",
        "type": "github"
      }
    },
    "launcher": {
      "flake": false,
      "locked": {
        "lastModified": 1684183666,
        "narHash": "sha256-rOE/W/BBYyZKOyypKb8X9Vpc4ty1TNRoI/fV5+01JPw=",
        "owner": "holochain",
        "repo": "launcher",
        "rev": "75ecdd0aa191ed830cc209a984a6030e656042ff",
        "type": "github"
      },
      "original": {
        "owner": "holochain",
        "ref": "holochain-0.2",
        "repo": "launcher",
        "type": "github"
      }
    },
    "root": {
      "inputs": {
        "holochain": "holochain",
        "lair": "lair",
        "launcher": "launcher",
        "scaffolding": "scaffolding"
      }
    },
    "scaffolding": {
      "flake": false,
      "locked": {
        "lastModified": 1705076186,
        "narHash": "sha256-O914XeBuFulky5RqTOvsog+fbO12v0ppW+mIdO6lvKU=",
        "owner": "holochain",
        "repo": "scaffolding",
        "rev": "42e025fe23ac0b4cd659d95e6752d2d300a8d076",
        "type": "github"
      },
      "original": {
        "owner": "holochain",
        "ref": "holochain-0.2",
        "repo": "scaffolding",
        "type": "github"
      }
    }
  },
  "root": "root",
  "version": 7
}
