{
  "nodes": {
    "holochain": {
      "flake": false,
      "locked": {
        "lastModified": 1706706193,
        "narHash": "sha256-7C7+Jx5J7jmSw6RMMvFqq/2ArrzKkxSUWX3bUxyXI7s=",
        "owner": "holochain",
        "repo": "holochain",
        "rev": "ae7db8f93f768d93dbb64d8650ce17eb5371251d",
        "type": "github"
      },
      "original": {
        "owner": "holochain",
        "ref": "holochain-0.2.5",
        "repo": "holochain",
        "type": "github"
      }
    },
    "lair": {
      "flake": false,
      "locked": {
        "lastModified": 1706550351,
        "narHash": "sha256-psVjtb+zj0pZnHTj1xNP2pGBd5Ua1cSwdOAdYdUe3yQ=",
        "owner": "holochain",
        "repo": "lair",
        "rev": "b11e65eff11c8ac3bf938607946f5c7201298a65",
        "type": "github"
      },
      "original": {
        "owner": "holochain",
        "ref": "lair_keystore-v0.4.2",
        "repo": "lair",
        "type": "github"
      }
    },
    "launcher": {
      "flake": false,
      "locked": {
        "lastModified": 1684183666,
        "narHash": "sha256-rOE/W/BBYyZKOyypKb8X9Vpc4ty1TNRoI/fV5+01JPw=",
        "owner": "holochain",
        "repo": "launcher",
        "rev": "75ecdd0aa191ed830cc209a984a6030e656042ff",
        "type": "github"
      },
      "original": {
        "owner": "holochain",
        "ref": "holochain-0.2",
        "repo": "launcher",
        "type": "github"
      }
    },
    "root": {
      "inputs": {
        "holochain": "holochain",
        "lair": "lair",
        "launcher": "launcher",
        "scaffolding": "scaffolding"
      }
    },
    "scaffolding": {
      "flake": false,
      "locked": {
        "lastModified": 1705076186,
        "narHash": "sha256-O914XeBuFulky5RqTOvsog+fbO12v0ppW+mIdO6lvKU=",
        "owner": "holochain",
        "repo": "scaffolding",
        "rev": "42e025fe23ac0b4cd659d95e6752d2d300a8d076",
        "type": "github"
      },
      "original": {
        "owner": "holochain",
        "ref": "holochain-0.2",
        "repo": "scaffolding",
        "type": "github"
      }
    }
  },
  "root": "root",
  "version": 7
}
