# This file is automatically @generated by Cargo.
# It is not intended for manual editing.
[[package]]
name = "arrayref"
version = "0.3.6"
source = "registry+https://github.com/rust-lang/crates.io-index"
checksum = "a4c527152e37cf757a3f78aae5a06fbeefdb07ccc535c980a3208ee3060dd544"

[[package]]
name = "arrayvec"
version = "0.5.2"
source = "registry+https://github.com/rust-lang/crates.io-index"
checksum = "23b62fc65de8e4e7f52534fb52b0f3ed04746ae267519eef2a83941e8085068b"

[[package]]
name = "autocfg"
version = "1.0.1"
source = "registry+https://github.com/rust-lang/crates.io-index"
checksum = "cdb031dd78e28731d87d56cc8ffef4a8f36ca26c38fe2de700543e627f8a464a"

[[package]]
name = "base64"
version = "0.12.3"
source = "registry+https://github.com/rust-lang/crates.io-index"
checksum = "3441f0f7b02788e948e47f457ca01f1d7e6d92c693bc132c22b087d3141c03ff"

[[package]]
name = "bitflags"
version = "1.2.1"
source = "registry+https://github.com/rust-lang/crates.io-index"
checksum = "cf1de2fe8c75bc145a2f577add951f8134889b4795d47466a54a5c846d691693"

[[package]]
name = "blake2b_simd"
version = "0.5.11"
source = "registry+https://github.com/rust-lang/crates.io-index"
checksum = "afa748e348ad3be8263be728124b24a24f268266f6f5d58af9d75f6a40b5c587"
dependencies = [
 "arrayref",
 "arrayvec",
 "constant_time_eq",
]

[[package]]
name = "byteorder"
version = "1.3.4"
source = "registry+https://github.com/rust-lang/crates.io-index"
checksum = "08c48aae112d48ed9f069b33538ea9e3e90aa263cfa3d1c24309612b1f7472de"

[[package]]
name = "cfg-if"
version = "0.1.10"
source = "registry+https://github.com/rust-lang/crates.io-index"
checksum = "4785bdd1c96b2a846b2bd7cc02e86b6b3dbf14e7e53446c4f54c92a361040822"

[[package]]
name = "cloudabi"
version = "0.0.3"
source = "registry+https://github.com/rust-lang/crates.io-index"
checksum = "ddfc5b9aa5d4507acaf872de71051dfd0e309860e88966e1051e462a077aac4f"
dependencies = [
 "bitflags",
]

[[package]]
name = "constant_time_eq"
version = "0.1.5"
source = "registry+https://github.com/rust-lang/crates.io-index"
checksum = "245097e9a4535ee1e3e3931fcfcd55a796a44c643e8596ff6566d68f09b87bbc"

[[package]]
name = "derive_more"
version = "0.99.11"
source = "registry+https://github.com/rust-lang/crates.io-index"
checksum = "41cb0e6161ad61ed084a36ba71fbba9e3ac5aee3606fb607fe08da6acbcf3d8c"
dependencies = [
 "proc-macro2",
 "quote",
 "syn",
]

[[package]]
name = "fixt"
version = "0.0.1"
dependencies = [
 "holochain_serialized_bytes",
 "lazy_static",
 "parking_lot",
 "paste",
 "rand",
 "rand_core",
 "serde",
 "strum",
 "strum_macros",
]

[[package]]
name = "getrandom"
version = "0.1.15"
source = "registry+https://github.com/rust-lang/crates.io-index"
checksum = "fc587bc0ec293155d5bfa6b9891ec18a1e330c234f896ea47fbada4cadbe47e6"
dependencies = [
 "cfg-if",
 "libc",
 "wasi",
]

[[package]]
name = "hashbrown"
version = "0.9.1"
source = "registry+https://github.com/rust-lang/crates.io-index"
checksum = "d7afe4a420e3fe79967a00898cc1f4db7c8a49a9333a29f8a4bd76a253d5cd04"

[[package]]
name = "hdk3"
version = "0.0.1"
dependencies = [
 "hdk3_derive",
 "holo_hash",
 "holochain_wasmer_guest",
 "holochain_zome_types",
 "paste",
 "serde",
 "serde_bytes",
 "thiserror",
]

[[package]]
name = "hdk3_derive"
version = "0.0.1"
dependencies = [
 "holochain_zome_types",
 "paste",
 "proc-macro2",
 "quote",
 "syn",
]

[[package]]
name = "heck"
version = "0.3.2"
source = "registry+https://github.com/rust-lang/crates.io-index"
checksum = "87cbf45460356b7deeb5e3415b5563308c0a9b057c85e12b06ad551f98d0a6ac"
dependencies = [
 "unicode-segmentation",
]

[[package]]
name = "holo_hash"
version = "0.0.1"
dependencies = [
 "base64",
 "blake2b_simd",
 "fixt",
 "holochain_serialized_bytes",
 "rand",
 "serde",
 "serde_bytes",
]

[[package]]
name = "holochain_serialized_bytes"
version = "0.0.47"
source = "registry+https://github.com/rust-lang/crates.io-index"
checksum = "80e1f2f82c9ac6dc7bc7c2e06e892d4bd1f29b4681cbfa4886edeb25ee8cdfe3"
dependencies = [
 "holochain_serialized_bytes_derive",
 "rmp-serde",
 "serde",
 "serde-transcode",
 "serde_bytes",
 "serde_json",
 "thiserror",
]

[[package]]
name = "holochain_serialized_bytes_derive"
version = "0.0.47"
source = "registry+https://github.com/rust-lang/crates.io-index"
checksum = "0119b7cd2aa14e4bc7129a212ff570bcba295ae19392067b2b0deeba780729e9"
dependencies = [
 "quote",
 "syn",
]

[[package]]
name = "holochain_test_wasm_common"
version = "0.0.1"
dependencies = [
 "hdk3",
 "holochain_serialized_bytes",
 "serde",
 "serde_bytes",
]

[[package]]
name = "holochain_wasmer_common"
version = "0.0.64"
source = "registry+https://github.com/rust-lang/crates.io-index"
checksum = "f415e0adf853ac4d24b67a5c8aca12bcec033ad3421121434718be61a75ae236"
dependencies = [
 "holochain_serialized_bytes",
 "serde",
 "serde_bytes",
 "thiserror",
]

[[package]]
name = "holochain_wasmer_guest"
version = "0.0.64"
source = "registry+https://github.com/rust-lang/crates.io-index"
checksum = "dc37122d7b3b0cb6e611835009b31da92669e0b0dde884afb99c68f7fcd08107"
dependencies = [
 "holochain_serialized_bytes",
 "holochain_wasmer_common",
 "serde",
]

[[package]]
name = "holochain_zome_types"
version = "0.0.1"
dependencies = [
 "fixt",
 "holo_hash",
 "holochain_serialized_bytes",
 "paste",
 "rand",
 "serde",
 "serde_bytes",
 "strum",
 "subtle",
 "thiserror",
]

[[package]]
name = "indexmap"
version = "1.6.1"
source = "registry+https://github.com/rust-lang/crates.io-index"
checksum = "4fb1fa934250de4de8aef298d81c729a7d33d8c239daa3a7575e6b92bfc7313b"
dependencies = [
 "autocfg",
 "hashbrown",
]

[[package]]
name = "itoa"
version = "0.4.6"
source = "registry+https://github.com/rust-lang/crates.io-index"
checksum = "dc6f3ad7b9d11a0c00842ff8de1b60ee58661048eb8049ed33c73594f359d7e6"

[[package]]
name = "lazy_static"
version = "1.4.0"
source = "registry+https://github.com/rust-lang/crates.io-index"
checksum = "e2abad23fbc42b3700f2f279844dc832adb2b2eb069b2df918f455c4e18cc646"

[[package]]
name = "libc"
version = "0.2.81"
source = "registry+https://github.com/rust-lang/crates.io-index"
checksum = "1482821306169ec4d07f6aca392a4681f66c75c9918aa49641a2595db64053cb"

[[package]]
name = "lock_api"
version = "0.3.4"
source = "registry+https://github.com/rust-lang/crates.io-index"
checksum = "c4da24a77a3d8a6d4862d95f72e6fdb9c09a643ecdb402d754004a557f2bec75"
dependencies = [
 "scopeguard",
]

[[package]]
name = "num-traits"
version = "0.2.14"
source = "registry+https://github.com/rust-lang/crates.io-index"
checksum = "9a64b1ec5cda2586e284722486d802acf1f7dbdc623e2bfc57e65ca1cd099290"
dependencies = [
 "autocfg",
]

[[package]]
name = "parking_lot"
version = "0.10.2"
source = "registry+https://github.com/rust-lang/crates.io-index"
checksum = "d3a704eb390aafdc107b0e392f56a82b668e3a71366993b5340f5833fd62505e"
dependencies = [
 "lock_api",
 "parking_lot_core",
]

[[package]]
name = "parking_lot_core"
version = "0.7.2"
source = "registry+https://github.com/rust-lang/crates.io-index"
checksum = "d58c7c768d4ba344e3e8d72518ac13e259d7c7ade24167003b8488e10b6740a3"
dependencies = [
 "cfg-if",
 "cloudabi",
 "libc",
 "redox_syscall",
 "smallvec",
 "winapi",
]

[[package]]
name = "paste"
version = "1.0.3"
source = "registry+https://github.com/rust-lang/crates.io-index"
checksum = "7151b083b0664ed58ed669fcdd92f01c3d2fdbf10af4931a301474950b52bfa9"

[[package]]
name = "ppv-lite86"
version = "0.2.10"
source = "registry+https://github.com/rust-lang/crates.io-index"
checksum = "ac74c624d6b2d21f425f752262f42188365d7b8ff1aff74c82e45136510a4857"

[[package]]
name = "proc-macro2"
version = "1.0.24"
source = "registry+https://github.com/rust-lang/crates.io-index"
checksum = "1e0704ee1a7e00d7bb417d0770ea303c1bccbabf0ef1667dae92b5967f5f8a71"
dependencies = [
 "unicode-xid",
]

[[package]]
name = "quote"
version = "1.0.8"
source = "registry+https://github.com/rust-lang/crates.io-index"
checksum = "991431c3519a3f36861882da93630ce66b52918dcf1b8e2fd66b397fc96f28df"
dependencies = [
 "proc-macro2",
]

[[package]]
name = "rand"
version = "0.7.3"
source = "registry+https://github.com/rust-lang/crates.io-index"
checksum = "6a6b1679d49b24bbfe0c803429aa1874472f50d9b363131f0e89fc356b544d03"
dependencies = [
 "getrandom",
 "libc",
 "rand_chacha",
 "rand_core",
 "rand_hc",
]

[[package]]
name = "rand_chacha"
version = "0.2.2"
source = "registry+https://github.com/rust-lang/crates.io-index"
checksum = "f4c8ed856279c9737206bf725bf36935d8666ead7aa69b52be55af369d193402"
dependencies = [
 "ppv-lite86",
 "rand_core",
]

[[package]]
name = "rand_core"
version = "0.5.1"
source = "registry+https://github.com/rust-lang/crates.io-index"
checksum = "90bde5296fc891b0cef12a6d03ddccc162ce7b2aff54160af9338f8d40df6d19"
dependencies = [
 "getrandom",
]

[[package]]
name = "rand_hc"
version = "0.2.0"
source = "registry+https://github.com/rust-lang/crates.io-index"
checksum = "ca3129af7b92a17112d59ad498c6f81eaf463253766b90396d39ea7a39d6613c"
dependencies = [
 "rand_core",
]

[[package]]
name = "redox_syscall"
version = "0.1.57"
source = "registry+https://github.com/rust-lang/crates.io-index"
checksum = "41cc0f7e4d5d4544e8861606a285bb08d3e70712ccc7d2b84d7c0ccfaf4b05ce"

[[package]]
name = "rmp"
version = "0.8.9"
source = "registry+https://github.com/rust-lang/crates.io-index"
checksum = "0f10b46df14cf1ee1ac7baa4d2fbc2c52c0622a4b82fa8740e37bc452ac0184f"
dependencies = [
 "byteorder",
 "num-traits",
]

[[package]]
name = "rmp-serde"
version = "0.14.4"
source = "registry+https://github.com/rust-lang/crates.io-index"
checksum = "4ce7d70c926fe472aed493b902010bccc17fa9f7284145cb8772fd22fdb052d8"
dependencies = [
 "byteorder",
 "rmp",
 "serde",
]

[[package]]
name = "ryu"
version = "1.0.5"
source = "registry+https://github.com/rust-lang/crates.io-index"
checksum = "71d301d4193d031abdd79ff7e3dd721168a9572ef3fe51a1517aba235bd8f86e"

[[package]]
name = "scopeguard"
version = "1.1.0"
source = "registry+https://github.com/rust-lang/crates.io-index"
checksum = "d29ab0c6d3fc0ee92fe66e2d99f700eab17a8d57d1c1d3b748380fb20baa78cd"

[[package]]
name = "serde"
version = "1.0.104"
source = "registry+https://github.com/rust-lang/crates.io-index"
checksum = "414115f25f818d7dfccec8ee535d76949ae78584fc4f79a6f45a904bf8ab4449"
dependencies = [
 "serde_derive",
]

[[package]]
name = "serde-transcode"
version = "1.1.0"
source = "registry+https://github.com/rust-lang/crates.io-index"
checksum = "97528f0dfcf8ce2d51d995cb513a103b9cd301dc3f387a9cae5ef974381d4e1c"
dependencies = [
 "serde",
]

[[package]]
name = "serde_bytes"
version = "0.11.5"
source = "registry+https://github.com/rust-lang/crates.io-index"
checksum = "16ae07dd2f88a366f15bd0632ba725227018c69a1c8550a927324f8eb8368bb9"
dependencies = [
 "serde",
]

[[package]]
name = "serde_derive"
version = "1.0.104"
source = "registry+https://github.com/rust-lang/crates.io-index"
checksum = "128f9e303a5a29922045a830221b8f78ec74a5f544944f3d5984f8ec3895ef64"
dependencies = [
 "proc-macro2",
 "quote",
 "syn",
]

[[package]]
name = "serde_json"
version = "1.0.60"
source = "registry+https://github.com/rust-lang/crates.io-index"
checksum = "1500e84d27fe482ed1dc791a56eddc2f230046a040fa908c08bda1d9fb615779"
dependencies = [
 "indexmap",
 "itoa",
 "ryu",
 "serde",
]

[[package]]
name = "smallvec"
version = "1.5.1"
source = "registry+https://github.com/rust-lang/crates.io-index"
checksum = "ae524f056d7d770e174287294f562e95044c68e88dec909a00d2094805db9d75"

[[package]]
name = "strum"
version = "0.18.0"
source = "registry+https://github.com/rust-lang/crates.io-index"
checksum = "57bd81eb48f4c437cadc685403cad539345bf703d78e63707418431cecd4522b"

[[package]]
name = "strum_macros"
version = "0.18.0"
source = "registry+https://github.com/rust-lang/crates.io-index"
checksum = "87c85aa3f8ea653bfd3ddf25f7ee357ee4d204731f6aa9ad04002306f6e2774c"
dependencies = [
 "heck",
 "proc-macro2",
 "quote",
 "syn",
]

[[package]]
name = "subtle"
version = "2.4.0"
source = "registry+https://github.com/rust-lang/crates.io-index"
checksum = "1e81da0851ada1f3e9d4312c704aa4f8806f0f9d69faaf8df2f3464b4a9437c2"

[[package]]
name = "syn"
version = "1.0.55"
source = "registry+https://github.com/rust-lang/crates.io-index"
checksum = "a571a711dddd09019ccc628e1b17fe87c59b09d513c06c026877aa708334f37a"
dependencies = [
 "proc-macro2",
 "quote",
 "unicode-xid",
]

[[package]]
name = "test_wasm_agent_info"
version = "0.0.1"
dependencies = [
 "hdk3",
 "serde",
]

[[package]]
name = "test_wasm_anchor"
version = "0.0.1"
dependencies = [
 "hdk3",
 "holochain_test_wasm_common",
 "serde",
]

[[package]]
name = "test_wasm_bench"
version = "0.0.1"
dependencies = [
 "hdk3",
 "serde",
]

[[package]]
name = "test_wasm_capability"
version = "0.0.1"
dependencies = [
 "hdk3",
 "serde",
]

[[package]]
name = "test_wasm_crd"
version = "0.0.1"
dependencies = [
 "hdk3",
 "holochain_test_wasm_common",
 "serde",
]

[[package]]
name = "test_wasm_create_entry"
version = "0.0.1"
dependencies = [
 "hdk3",
 "holochain_test_wasm_common",
 "serde",
]

[[package]]
name = "test_wasm_crud"
version = "0.0.1"
dependencies = [
 "hdk3",
 "holochain_test_wasm_common",
 "serde",
]

[[package]]
name = "test_wasm_debug"
version = "0.0.1"
dependencies = [
 "hdk3",
 "serde",
]

[[package]]
name = "test_wasm_emit_signal"
version = "0.0.1"
dependencies = [
 "hdk3",
 "holochain_test_wasm_common",
 "serde",
]

[[package]]
name = "test_wasm_entry_defs"
version = "0.0.1"
dependencies = [
 "hdk3",
 "serde",
]

[[package]]
name = "test_wasm_foo"
version = "0.0.1"
dependencies = [
 "hdk3",
 "holochain_test_wasm_common",
 "serde",
]

[[package]]
name = "test_wasm_hash_entry"
version = "0.0.1"
dependencies = [
 "hdk3",
 "serde",
]

[[package]]
name = "test_wasm_hash_path"
version = "0.0.1"
dependencies = [
 "hdk3",
 "holochain_test_wasm_common",
 "serde",
]

[[package]]
name = "test_wasm_hdk_extern"
version = "0.0.1"
dependencies = [
 "hdk3",
 "holochain_test_wasm_common",
 "serde",
]

[[package]]
name = "test_wasm_init_fail"
version = "0.0.1"
dependencies = [
 "hdk3",
 "serde",
]

[[package]]
name = "test_wasm_init_pass"
version = "0.0.1"
dependencies = [
 "hdk3",
 "serde",
]

[[package]]
name = "test_wasm_link"
version = "0.0.1"
dependencies = [
 "hdk3",
 "holochain_test_wasm_common",
 "serde",
]

[[package]]
name = "test_wasm_migrate_agent_fail"
version = "0.0.1"
dependencies = [
 "hdk3",
 "serde",
]

[[package]]
name = "test_wasm_migrate_agent_pass"
version = "0.0.1"
dependencies = [
 "hdk3",
 "serde",
]

[[package]]
name = "test_wasm_multiple_calls"
version = "0.0.1"
dependencies = [
 "hdk3",
 "holochain_test_wasm_common",
 "serde",
]

[[package]]
name = "test_wasm_post_commit_fail"
version = "0.0.1"
dependencies = [
 "hdk3",
 "serde",
]

[[package]]
name = "test_wasm_post_commit_success"
version = "0.0.1"
dependencies = [
 "hdk3",
 "serde",
]

[[package]]
name = "test_wasm_query"
version = "0.0.1"
dependencies = [
 "hdk3",
 "holochain_test_wasm_common",
 "serde",
]

[[package]]
name = "test_wasm_random_bytes"
version = "0.0.1"
dependencies = [
 "hdk3",
 "serde",
]

[[package]]
name = "test_wasm_ser_regression"
version = "0.0.1"
dependencies = [
 "derive_more",
 "hdk3",
 "serde",
]

[[package]]
name = "test_wasm_sign"
version = "0.0.1"
dependencies = [
 "hdk3",
 "serde",
]

[[package]]
name = "test_wasm_sys_time"
version = "0.0.1"
dependencies = [
 "hdk3",
 "serde",
]

[[package]]
name = "test_wasm_update_entry"
version = "0.0.1"
dependencies = [
 "hdk3",
 "holochain_test_wasm_common",
 "serde",
]

[[package]]
name = "test_wasm_validate"
version = "0.0.1"
dependencies = [
 "hdk3",
 "serde",
]

[[package]]
name = "test_wasm_validate_invalid"
version = "0.0.1"
dependencies = [
 "hdk3",
 "serde",
]

[[package]]
name = "test_wasm_validate_link"
version = "0.0.1"
dependencies = [
 "hdk3",
 "serde",
]

[[package]]
name = "test_wasm_validate_link_add_invalid"
version = "0.0.1"
dependencies = [
 "hdk3",
 "serde",
]

[[package]]
name = "test_wasm_validate_link_add_valid"
version = "0.0.1"
dependencies = [
 "hdk3",
 "serde",
]

[[package]]
name = "test_wasm_validate_valid"
version = "0.0.1"
dependencies = [
 "hdk3",
 "serde",
]

[[package]]
name = "test_wasm_validation_package_fail"
version = "0.0.1"
dependencies = [
 "hdk3",
 "serde",
]

[[package]]
name = "test_wasm_validation_package_success"
version = "0.0.1"
dependencies = [
 "hdk3",
 "serde",
]

[[package]]
name = "test_wasm_whoami"
version = "0.0.1"
dependencies = [
 "hdk3",
 "holochain_test_wasm_common",
 "serde",
]

[[package]]
name = "test_wasm_x_salsa20_poly1305"
version = "0.0.1"
dependencies = [
 "hdk3",
 "serde",
]

[[package]]
name = "test_wasm_zome_info"
version = "0.0.1"
dependencies = [
 "hdk3",
 "serde",
]

[[package]]
name = "thiserror"
version = "1.0.22"
source = "registry+https://github.com/rust-lang/crates.io-index"
checksum = "0e9ae34b84616eedaaf1e9dd6026dbe00dcafa92aa0c8077cb69df1fcfe5e53e"
dependencies = [
 "thiserror-impl",
]

[[package]]
name = "thiserror-impl"
version = "1.0.22"
source = "registry+https://github.com/rust-lang/crates.io-index"
checksum = "9ba20f23e85b10754cd195504aebf6a27e2e6cbe28c17778a0c930724628dd56"
dependencies = [
 "proc-macro2",
 "quote",
 "syn",
]

[[package]]
name = "unicode-segmentation"
version = "1.7.1"
source = "registry+https://github.com/rust-lang/crates.io-index"
checksum = "bb0d2e7be6ae3a5fa87eed5fb451aff96f2573d2694942e40543ae0bbe19c796"

[[package]]
name = "unicode-xid"
version = "0.2.1"
source = "registry+https://github.com/rust-lang/crates.io-index"
checksum = "f7fe0bb3479651439c9112f72b6c505038574c9fbb575ed1bf3b797fa39dd564"

[[package]]
name = "wasi"
version = "0.9.0+wasi-snapshot-preview1"
source = "registry+https://github.com/rust-lang/crates.io-index"
checksum = "cccddf32554fecc6acb585f82a32a72e28b48f8c4c1883ddfeeeaa96f7d8e519"

[[package]]
name = "winapi"
version = "0.3.9"
source = "registry+https://github.com/rust-lang/crates.io-index"
checksum = "5c839a674fcd7a98952e593242ea400abe93992746761e38641405d28b00f419"
dependencies = [
 "winapi-i686-pc-windows-gnu",
 "winapi-x86_64-pc-windows-gnu",
]

[[package]]
name = "winapi-i686-pc-windows-gnu"
version = "0.4.0"
source = "registry+https://github.com/rust-lang/crates.io-index"
checksum = "ac3b87c63620426dd9b991e5ce0329eff545bccbbb34f3be09ff6fb6ab51b7b6"

[[package]]
name = "winapi-x86_64-pc-windows-gnu"
version = "0.4.0"
source = "registry+https://github.com/rust-lang/crates.io-index"
checksum = "712e227841d057c1ee1cd2fb22fa7e5a5461ae8e48fa2ca79ec42cfc1931183f"
