# This file is automatically @generated by Cargo.
# It is not intended for manual editing.
version = 3

[[package]]
name = "aho-corasick"
version = "0.7.18"
source = "registry+https://github.com/rust-lang/crates.io-index"
checksum = "1e37cfd5e7657ada45f742d6e99ca5788580b5c529dc78faf11ece6dc702656f"
dependencies = [
 "memchr",
]

[[package]]
name = "autocfg"
version = "1.1.0"
source = "registry+https://github.com/rust-lang/crates.io-index"
checksum = "d468802bab17cbc0cc575e9b053f41e72aa36bfa6b7f55e3529ffa43161b97fa"

[[package]]
name = "bit-set"
version = "0.5.2"
source = "registry+https://github.com/rust-lang/crates.io-index"
checksum = "6e11e16035ea35e4e5997b393eacbf6f63983188f7a2ad25bfb13465f5ad59de"
dependencies = [
 "bit-vec",
]

[[package]]
name = "bit-vec"
version = "0.6.3"
source = "registry+https://github.com/rust-lang/crates.io-index"
checksum = "349f9b6a179ed607305526ca489b34ad0a41aed5f7980fa90eb03160b69598fb"

[[package]]
name = "bitflags"
version = "1.3.2"
source = "registry+https://github.com/rust-lang/crates.io-index"
checksum = "bef38d45163c2f1dde094a7dfd33ccf595c92905c8f8f4fdc18d06fb1037718a"

[[package]]
name = "byteorder"
version = "1.4.3"
source = "registry+https://github.com/rust-lang/crates.io-index"
checksum = "14c189c53d098945499cdfa7ecc63567cf3886b3332b312a5b4585d8d3a6a610"

[[package]]
name = "cfg-if"
version = "1.0.0"
source = "registry+https://github.com/rust-lang/crates.io-index"
checksum = "baf1de4339761588bc0619e3cbc0120ee582ebb74b53b4efbf79117bd2da40fd"

[[package]]
name = "chrono"
version = "0.4.19"
source = "registry+https://github.com/rust-lang/crates.io-index"
checksum = "670ad68c9088c2a963aaa298cb369688cf3f9465ce5e2d4ca10e6e0098a1ce73"
dependencies = [
 "libc",
 "num-integer",
 "num-traits",
 "serde",
 "time",
 "winapi",
]

[[package]]
name = "convert_case"
version = "0.4.0"
source = "registry+https://github.com/rust-lang/crates.io-index"
checksum = "6245d59a3e82a7fc217c5828a6692dbc6dfb63a0c8c90495621f7b9d79704a0e"

[[package]]
name = "derive_more"
version = "0.99.17"
source = "registry+https://github.com/rust-lang/crates.io-index"
checksum = "4fb810d30a7c1953f91334de7244731fc3f3c10d7fe163338a35b9f640960321"
dependencies = [
 "convert_case",
 "proc-macro2",
 "quote",
 "rustc_version",
 "syn",
]

[[package]]
name = "difflib"
version = "0.4.0"
source = "registry+https://github.com/rust-lang/crates.io-index"
checksum = "6184e33543162437515c2e2b48714794e37845ec9851711914eec9d308f6ebe8"

[[package]]
name = "downcast"
version = "0.11.0"
source = "registry+https://github.com/rust-lang/crates.io-index"
checksum = "1435fa1053d8b2fbbe9be7e97eca7f33d37b28409959813daefc1446a14247f1"

[[package]]
name = "either"
version = "1.6.1"
source = "registry+https://github.com/rust-lang/crates.io-index"
checksum = "e78d4f1cc4ae33bbfc157ed5d5a5ef3bc29227303d595861deb238fcec4e9457"

[[package]]
name = "float-cmp"
version = "0.9.0"
source = "registry+https://github.com/rust-lang/crates.io-index"
checksum = "98de4bbd547a563b716d8dfa9aad1cb19bfab00f4fa09a6a4ed21dbcf44ce9c4"
dependencies = [
 "num-traits",
]

[[package]]
name = "fragile"
version = "1.2.0"
source = "registry+https://github.com/rust-lang/crates.io-index"
checksum = "e9d758e60b45e8d749c89c1b389ad8aee550f86aa12e2b9298b546dda7a82ab1"

[[package]]
name = "gcollections"
version = "1.5.0"
source = "registry+https://github.com/rust-lang/crates.io-index"
checksum = "2f551fdf23ef80329f754919669147a71c67b6cfe3569cd93b6fabdd62044377"
dependencies = [
 "bit-set",
 "num-integer",
 "num-traits",
 "trilean",
]

[[package]]
name = "hashbrown"
version = "0.11.2"
source = "registry+https://github.com/rust-lang/crates.io-index"
checksum = "ab5ef0d4909ef3724cc8cce6ccc8572c5c817592e9285f5464f8e86f8bd3726e"

[[package]]
name = "hdk"
version = "0.0.128-dev.0"
dependencies = [
 "hdk_derive",
 "holo_hash",
 "holochain_deterministic_integrity",
 "holochain_wasmer_guest",
 "holochain_zome_types",
 "mockall",
 "paste",
 "serde",
 "serde_bytes",
 "thiserror",
 "tracing",
 "tracing-core",
]

[[package]]
name = "hdk_derive"
version = "0.0.29"
dependencies = [
 "holochain_integrity_types",
 "paste",
 "proc-macro2",
 "quote",
 "syn",
]

[[package]]
name = "holo_hash"
version = "0.0.23"
dependencies = [
 "holochain_serialized_bytes",
 "kitsune_p2p_dht_arc",
 "serde",
 "serde_bytes",
 "thiserror",
]

[[package]]
name = "holochain_deterministic_integrity"
version = "0.0.1"
dependencies = [
 "hdk_derive",
 "holo_hash",
 "holochain_integrity_types",
 "holochain_wasmer_guest",
 "paste",
 "serde",
 "serde_bytes",
]

[[package]]
name = "holochain_integrity_types"
version = "0.0.1"
dependencies = [
 "holo_hash",
 "holochain_serialized_bytes",
 "kitsune_p2p_timestamp",
 "serde",
 "serde_bytes",
 "subtle",
 "tracing",
]

[[package]]
name = "holochain_mock_hdi"
version = "0.0.1"
dependencies = [
 "holochain_deterministic_integrity",
 "mockall",
]

[[package]]
name = "holochain_serialized_bytes"
version = "0.0.51"
source = "registry+https://github.com/rust-lang/crates.io-index"
checksum = "9805b3e01e7b5c144782a0823db4dc895fec18a9ccd45a492ce7c7bf157a9e38"
dependencies = [
 "holochain_serialized_bytes_derive",
 "rmp-serde",
 "serde",
 "serde-transcode",
 "serde_bytes",
 "serde_json",
 "thiserror",
]

[[package]]
name = "holochain_serialized_bytes_derive"
version = "0.0.51"
source = "registry+https://github.com/rust-lang/crates.io-index"
checksum = "1077232d0c427d64feb9e138fa22800e447eafb1810682d6c13beb95333cb32c"
dependencies = [
 "quote",
 "syn",
]

[[package]]
name = "holochain_test_wasm_common"
version = "0.0.28"
dependencies = [
 "hdk",
 "serde",
]

[[package]]
name = "holochain_wasmer_common"
version = "0.0.77"
source = "registry+https://github.com/rust-lang/crates.io-index"
checksum = "a6de9bda7e1b991ce453ef55601405e43d7ef0cafb0108ed0b4755a1398dae05"
dependencies = [
 "holochain_serialized_bytes",
 "serde",
 "serde_bytes",
 "thiserror",
]

[[package]]
name = "holochain_wasmer_guest"
version = "0.0.77"
source = "registry+https://github.com/rust-lang/crates.io-index"
checksum = "becdd2a6c662ac81a1c1aeae04eb39a8c6d987d79415fc9f6fff609bb106a90e"
dependencies = [
 "holochain_serialized_bytes",
 "holochain_wasmer_common",
 "parking_lot",
 "serde",
 "tracing",
]

[[package]]
name = "holochain_zome_types"
version = "0.0.29"
dependencies = [
 "holo_hash",
 "holochain_integrity_types",
 "holochain_serialized_bytes",
 "holochain_wasmer_common",
 "kitsune_p2p_timestamp",
 "paste",
 "serde",
 "serde_bytes",
 "subtle",
 "thiserror",
 "tracing",
]

[[package]]
name = "indexmap"
version = "1.8.1"
source = "registry+https://github.com/rust-lang/crates.io-index"
checksum = "0f647032dfaa1f8b6dc29bd3edb7bbef4861b8b8007ebb118d6db284fd59f6ee"
dependencies = [
 "autocfg",
 "hashbrown",
]

[[package]]
name = "instant"
version = "0.1.12"
source = "registry+https://github.com/rust-lang/crates.io-index"
checksum = "7a5bbe824c507c5da5956355e86a746d82e0e1464f65d862cc5e71da70e94b2c"
dependencies = [
 "cfg-if",
]

[[package]]
name = "intervallum"
version = "1.4.0"
source = "registry+https://github.com/rust-lang/crates.io-index"
checksum = "c8ccecd834666f695ecec3ff0d5fc32e32c91abea91a28fd0aceb4b35a82cee1"
dependencies = [
 "bit-set",
 "gcollections",
 "num-integer",
 "num-traits",
 "trilean",
]

[[package]]
name = "itertools"
version = "0.10.3"
source = "registry+https://github.com/rust-lang/crates.io-index"
checksum = "a9a9d19fa1e79b6215ff29b9d6880b706147f16e9b1dbb1e4e5947b5b02bc5e3"
dependencies = [
 "either",
]

[[package]]
name = "itoa"
version = "1.0.1"
source = "registry+https://github.com/rust-lang/crates.io-index"
checksum = "1aab8fc367588b89dcee83ab0fd66b72b50b72fa1904d7095045ace2b0c81c35"

[[package]]
name = "kitsune_p2p_dht_arc"
version = "0.0.11"
dependencies = [
 "derive_more",
 "gcollections",
 "intervallum",
 "num-traits",
 "serde",
]

[[package]]
name = "kitsune_p2p_timestamp"
version = "0.0.8"
dependencies = [
 "chrono",
 "serde",
]

[[package]]
name = "lazy_static"
version = "1.4.0"
source = "registry+https://github.com/rust-lang/crates.io-index"
checksum = "e2abad23fbc42b3700f2f279844dc832adb2b2eb069b2df918f455c4e18cc646"

[[package]]
name = "libc"
version = "0.2.122"
source = "registry+https://github.com/rust-lang/crates.io-index"
checksum = "ec647867e2bf0772e28c8bcde4f0d19a9216916e890543b5a03ed8ef27b8f259"

[[package]]
name = "lock_api"
version = "0.4.7"
source = "registry+https://github.com/rust-lang/crates.io-index"
checksum = "327fa5b6a6940e4699ec49a9beae1ea4845c6bab9314e4f84ac68742139d8c53"
dependencies = [
 "autocfg",
 "scopeguard",
]

[[package]]
name = "memchr"
version = "2.4.1"
source = "registry+https://github.com/rust-lang/crates.io-index"
checksum = "308cc39be01b73d0d18f82a0e7b2a3df85245f84af96fdddc5d202d27e47b86a"

[[package]]
name = "mockall"
version = "0.11.0"
source = "registry+https://github.com/rust-lang/crates.io-index"
checksum = "3d4d70639a72f972725db16350db56da68266ca368b2a1fe26724a903ad3d6b8"
dependencies = [
 "cfg-if",
 "downcast",
 "fragile",
 "lazy_static",
 "mockall_derive",
 "predicates",
 "predicates-tree",
]

[[package]]
name = "mockall_derive"
version = "0.11.0"
source = "registry+https://github.com/rust-lang/crates.io-index"
checksum = "79ef208208a0dea3f72221e26e904cdc6db2e481d9ade89081ddd494f1dbaa6b"
dependencies = [
 "cfg-if",
 "proc-macro2",
 "quote",
 "syn",
]

[[package]]
name = "normalize-line-endings"
version = "0.3.0"
source = "registry+https://github.com/rust-lang/crates.io-index"
checksum = "61807f77802ff30975e01f4f071c8ba10c022052f98b3294119f3e615d13e5be"

[[package]]
name = "num-integer"
version = "0.1.44"
source = "registry+https://github.com/rust-lang/crates.io-index"
checksum = "d2cc698a63b549a70bc047073d2949cce27cd1c7b0a4a862d08a8031bc2801db"
dependencies = [
 "autocfg",
 "num-traits",
]

[[package]]
name = "num-traits"
version = "0.2.14"
source = "registry+https://github.com/rust-lang/crates.io-index"
checksum = "9a64b1ec5cda2586e284722486d802acf1f7dbdc623e2bfc57e65ca1cd099290"
dependencies = [
 "autocfg",
]

[[package]]
name = "parking_lot"
version = "0.11.2"
source = "registry+https://github.com/rust-lang/crates.io-index"
checksum = "7d17b78036a60663b797adeaee46f5c9dfebb86948d1255007a1d6be0271ff99"
dependencies = [
 "instant",
 "lock_api",
 "parking_lot_core",
]

[[package]]
name = "parking_lot_core"
version = "0.8.5"
source = "registry+https://github.com/rust-lang/crates.io-index"
checksum = "d76e8e1493bcac0d2766c42737f34458f1c8c50c0d23bcb24ea953affb273216"
dependencies = [
 "cfg-if",
 "instant",
 "libc",
 "redox_syscall",
 "smallvec",
 "winapi",
]

[[package]]
name = "paste"
version = "1.0.5"
source = "registry+https://github.com/rust-lang/crates.io-index"
checksum = "acbf547ad0c65e31259204bd90935776d1c693cec2f4ff7abb7a1bbbd40dfe58"

[[package]]
name = "pin-project-lite"
version = "0.2.8"
source = "registry+https://github.com/rust-lang/crates.io-index"
checksum = "e280fbe77cc62c91527259e9442153f4688736748d24660126286329742b4c6c"

[[package]]
name = "predicates"
version = "2.1.1"
source = "registry+https://github.com/rust-lang/crates.io-index"
checksum = "a5aab5be6e4732b473071984b3164dbbfb7a3674d30ea5ff44410b6bcd960c3c"
dependencies = [
 "difflib",
 "float-cmp",
 "itertools",
 "normalize-line-endings",
 "predicates-core",
 "regex",
]

[[package]]
name = "predicates-core"
version = "1.0.3"
source = "registry+https://github.com/rust-lang/crates.io-index"
checksum = "da1c2388b1513e1b605fcec39a95e0a9e8ef088f71443ef37099fa9ae6673fcb"

[[package]]
name = "predicates-tree"
version = "1.0.5"
source = "registry+https://github.com/rust-lang/crates.io-index"
checksum = "4d86de6de25020a36c6d3643a86d9a6a9f552107c0559c60ea03551b5e16c032"
dependencies = [
 "predicates-core",
 "termtree",
]

[[package]]
name = "proc-macro2"
version = "1.0.37"
source = "registry+https://github.com/rust-lang/crates.io-index"
checksum = "ec757218438d5fda206afc041538b2f6d889286160d649a86a24d37e1235afd1"
dependencies = [
 "unicode-xid",
]

[[package]]
name = "quote"
version = "1.0.17"
source = "registry+https://github.com/rust-lang/crates.io-index"
checksum = "632d02bff7f874a36f33ea8bb416cd484b90cc66c1194b1a1110d067a7013f58"
dependencies = [
 "proc-macro2",
]

[[package]]
name = "redox_syscall"
version = "0.2.13"
source = "registry+https://github.com/rust-lang/crates.io-index"
checksum = "62f25bc4c7e55e0b0b7a1d43fb893f4fa1361d0abe38b9ce4f323c2adfe6ef42"
dependencies = [
 "bitflags",
]

[[package]]
name = "regex"
version = "1.5.5"
source = "registry+https://github.com/rust-lang/crates.io-index"
checksum = "1a11647b6b25ff05a515cb92c365cec08801e83423a235b51e231e1808747286"
dependencies = [
 "aho-corasick",
 "memchr",
 "regex-syntax",
]

[[package]]
name = "regex-syntax"
version = "0.6.25"
source = "registry+https://github.com/rust-lang/crates.io-index"
checksum = "f497285884f3fcff424ffc933e56d7cbca511def0c9831a7f9b5f6153e3cc89b"

[[package]]
name = "rmp"
version = "0.8.10"
source = "registry+https://github.com/rust-lang/crates.io-index"
checksum = "4f55e5fa1446c4d5dd1f5daeed2a4fe193071771a2636274d0d7a3b082aa7ad6"
dependencies = [
 "byteorder",
 "num-traits",
]

[[package]]
name = "rmp-serde"
version = "0.15.5"
source = "registry+https://github.com/rust-lang/crates.io-index"
checksum = "723ecff9ad04f4ad92fe1c8ca6c20d2196d9286e9c60727c4cb5511629260e9d"
dependencies = [
 "byteorder",
 "rmp",
 "serde",
]

[[package]]
name = "rustc_version"
version = "0.4.0"
source = "registry+https://github.com/rust-lang/crates.io-index"
checksum = "bfa0f585226d2e68097d4f95d113b15b83a82e819ab25717ec0590d9584ef366"
dependencies = [
 "semver",
]

[[package]]
name = "ryu"
version = "1.0.9"
source = "registry+https://github.com/rust-lang/crates.io-index"
checksum = "73b4b750c782965c211b42f022f59af1fbceabdd026623714f104152f1ec149f"

[[package]]
name = "scopeguard"
version = "1.1.0"
source = "registry+https://github.com/rust-lang/crates.io-index"
checksum = "d29ab0c6d3fc0ee92fe66e2d99f700eab17a8d57d1c1d3b748380fb20baa78cd"

[[package]]
name = "semver"
version = "1.0.7"
source = "registry+https://github.com/rust-lang/crates.io-index"
checksum = "d65bd28f48be7196d222d95b9243287f48d27aca604e08497513019ff0502cc4"

[[package]]
name = "serde"
version = "1.0.136"
source = "registry+https://github.com/rust-lang/crates.io-index"
checksum = "ce31e24b01e1e524df96f1c2fdd054405f8d7376249a5110886fb4b658484789"
dependencies = [
 "serde_derive",
]

[[package]]
name = "serde-transcode"
version = "1.1.1"
source = "registry+https://github.com/rust-lang/crates.io-index"
checksum = "590c0e25c2a5bb6e85bf5c1bce768ceb86b316e7a01bdf07d2cb4ec2271990e2"
dependencies = [
 "serde",
]

[[package]]
name = "serde_bytes"
version = "0.11.5"
source = "registry+https://github.com/rust-lang/crates.io-index"
checksum = "16ae07dd2f88a366f15bd0632ba725227018c69a1c8550a927324f8eb8368bb9"
dependencies = [
 "serde",
]

[[package]]
name = "serde_derive"
version = "1.0.136"
source = "registry+https://github.com/rust-lang/crates.io-index"
checksum = "08597e7152fcd306f41838ed3e37be9eaeed2b61c42e2117266a554fab4662f9"
dependencies = [
 "proc-macro2",
 "quote",
 "syn",
]

[[package]]
name = "serde_json"
version = "1.0.79"
source = "registry+https://github.com/rust-lang/crates.io-index"
checksum = "8e8d9fa5c3b304765ce1fd9c4c8a3de2c8db365a5b91be52f186efc675681d95"
dependencies = [
 "indexmap",
 "itoa",
 "ryu",
 "serde",
]

[[package]]
name = "smallvec"
version = "1.8.0"
source = "registry+https://github.com/rust-lang/crates.io-index"
checksum = "f2dd574626839106c320a323308629dcb1acfc96e32a8cba364ddc61ac23ee83"

[[package]]
name = "subtle"
version = "2.4.1"
source = "registry+https://github.com/rust-lang/crates.io-index"
checksum = "6bdef32e8150c2a081110b42772ffe7d7c9032b606bc226c8260fd97e0976601"

[[package]]
name = "syn"
version = "1.0.91"
source = "registry+https://github.com/rust-lang/crates.io-index"
checksum = "b683b2b825c8eef438b77c36a06dc262294da3d5a5813fac20da149241dcd44d"
dependencies = [
 "proc-macro2",
 "quote",
 "unicode-xid",
]

[[package]]
name = "termtree"
version = "0.2.4"
source = "registry+https://github.com/rust-lang/crates.io-index"
checksum = "507e9898683b6c43a9aa55b64259b721b52ba226e0f3779137e50ad114a4c90b"

[[package]]
name = "test_wasm_coordinator_zome"
version = "0.0.1"
dependencies = [
 "hdk",
 "holochain_test_wasm_common",
 "serde",
 "test_wasm_integrity_zome",
]

[[package]]
name = "test_wasm_integrity_zome"
version = "0.0.1"
dependencies = [
 "holochain_deterministic_integrity",
 "holochain_mock_hdi",
 "serde",
]

[[package]]
name = "thiserror"
version = "1.0.30"
source = "registry+https://github.com/rust-lang/crates.io-index"
checksum = "854babe52e4df1653706b98fcfc05843010039b406875930a70e4d9644e5c417"
dependencies = [
 "thiserror-impl",
]

[[package]]
name = "thiserror-impl"
version = "1.0.30"
source = "registry+https://github.com/rust-lang/crates.io-index"
checksum = "aa32fd3f627f367fe16f893e2597ae3c05020f8bba2666a4e6ea73d377e5714b"
dependencies = [
 "proc-macro2",
 "quote",
 "syn",
]

[[package]]
name = "time"
version = "0.1.44"
source = "registry+https://github.com/rust-lang/crates.io-index"
checksum = "6db9e6914ab8b1ae1c260a4ae7a49b6c5611b40328a735b21862567685e73255"
dependencies = [
 "libc",
 "wasi",
 "winapi",
]

[[package]]
name = "tracing"
version = "0.1.32"
source = "registry+https://github.com/rust-lang/crates.io-index"
checksum = "4a1bdf54a7c28a2bbf701e1d2233f6c77f473486b94bee4f9678da5a148dca7f"
dependencies = [
 "cfg-if",
 "pin-project-lite",
 "tracing-attributes",
 "tracing-core",
]

[[package]]
name = "tracing-attributes"
version = "0.1.20"
source = "registry+https://github.com/rust-lang/crates.io-index"
checksum = "2e65ce065b4b5c53e73bb28912318cb8c9e9ad3921f1d669eb0e68b4c8143a2b"
dependencies = [
 "proc-macro2",
 "quote",
 "syn",
]

[[package]]
name = "tracing-core"
version = "0.1.24"
source = "registry+https://github.com/rust-lang/crates.io-index"
checksum = "90442985ee2f57c9e1b548ee72ae842f4a9a20e3f417cc38dbc5dc684d9bb4ee"
dependencies = [
 "lazy_static",
 "valuable",
]

[[package]]
name = "trilean"
version = "1.1.0"
source = "registry+https://github.com/rust-lang/crates.io-index"
checksum = "683ba5022fe6dbd7133cad150478ccf51bdb6d861515181e5fc6b4323d4fa424"

[[package]]
name = "unicode-xid"
version = "0.2.2"
source = "registry+https://github.com/rust-lang/crates.io-index"
checksum = "8ccb82d61f80a663efe1f787a51b16b5a51e3314d6ac365b08639f52387b33f3"

[[package]]
name = "valuable"
version = "0.1.0"
source = "registry+https://github.com/rust-lang/crates.io-index"
checksum = "830b7e5d4d90034032940e4ace0d9a9a057e7a45cd94e6c007832e39edb82f6d"

[[package]]
name = "wasi"
version = "0.10.0+wasi-snapshot-preview1"
source = "registry+https://github.com/rust-lang/crates.io-index"
checksum = "1a143597ca7c7793eff794def352d41792a93c481eb1042423ff7ff72ba2c31f"

[[package]]
name = "winapi"
version = "0.3.9"
source = "registry+https://github.com/rust-lang/crates.io-index"
checksum = "5c839a674fcd7a98952e593242ea400abe93992746761e38641405d28b00f419"
dependencies = [
 "winapi-i686-pc-windows-gnu",
 "winapi-x86_64-pc-windows-gnu",
]

[[package]]
name = "winapi-i686-pc-windows-gnu"
version = "0.4.0"
source = "registry+https://github.com/rust-lang/crates.io-index"
checksum = "ac3b87c63620426dd9b991e5ce0329eff545bccbbb34f3be09ff6fb6ab51b7b6"

[[package]]
name = "winapi-x86_64-pc-windows-gnu"
version = "0.4.0"
source = "registry+https://github.com/rust-lang/crates.io-index"
checksum = "712e227841d057c1ee1cd2fb22fa7e5a5461ae8e48fa2ca79ec42cfc1931183f"
